// !$*UTF8*$!
{
	archiveVersion = 1;
	classes = {
	};
	objectVersion = 56;
	objects = {

/* Begin PBXBuildFile section */
		2766AB5A29B0614C00D3D61C /* EssentialFeed.framework in Frameworks */ = {isa = PBXBuildFile; fileRef = 2766AB5929B0614C00D3D61C /* EssentialFeed.framework */; };
		2766AB5B29B0614C00D3D61C /* EssentialFeed.framework in Embed Frameworks */ = {isa = PBXBuildFile; fileRef = 2766AB5929B0614C00D3D61C /* EssentialFeed.framework */; settings = {ATTRIBUTES = (CodeSignOnCopy, RemoveHeadersOnCopy, ); }; };
		2766AB5E29B0615100D3D61C /* EssentialFeediOS.framework in Frameworks */ = {isa = PBXBuildFile; fileRef = 2766AB5D29B0615100D3D61C /* EssentialFeediOS.framework */; };
		2766AB5F29B0615100D3D61C /* EssentialFeediOS.framework in Embed Frameworks */ = {isa = PBXBuildFile; fileRef = 2766AB5D29B0615100D3D61C /* EssentialFeediOS.framework */; settings = {ATTRIBUTES = (CodeSignOnCopy, RemoveHeadersOnCopy, ); }; };
		278EC43029B932510017A7A2 /* FeedLoaderWithFallbackCompositeTests.swift in Sources */ = {isa = PBXBuildFile; fileRef = 278EC42F29B932510017A7A2 /* FeedLoaderWithFallbackCompositeTests.swift */; };
		27A1641D29BAA04000E7E3BA /* FeedLoaderCacheDecoratorTests.swift in Sources */ = {isa = PBXBuildFile; fileRef = 27A1641C29BAA04000E7E3BA /* FeedLoaderCacheDecoratorTests.swift */; };
		27D9236B299DF27B00BA5C31 /* AppDelegate.swift in Sources */ = {isa = PBXBuildFile; fileRef = 27D9236A299DF27B00BA5C31 /* AppDelegate.swift */; };
		27D9236D299DF27B00BA5C31 /* SceneDelegate.swift in Sources */ = {isa = PBXBuildFile; fileRef = 27D9236C299DF27B00BA5C31 /* SceneDelegate.swift */; };
		27D9236F299DF27B00BA5C31 /* ViewController.swift in Sources */ = {isa = PBXBuildFile; fileRef = 27D9236E299DF27B00BA5C31 /* ViewController.swift */; };
		27D92372299DF27B00BA5C31 /* Main.storyboard in Resources */ = {isa = PBXBuildFile; fileRef = 27D92370299DF27B00BA5C31 /* Main.storyboard */; };
		27D92374299DF28000BA5C31 /* Assets.xcassets in Resources */ = {isa = PBXBuildFile; fileRef = 27D92373299DF28000BA5C31 /* Assets.xcassets */; };
		27D92377299DF28000BA5C31 /* LaunchScreen.storyboard in Resources */ = {isa = PBXBuildFile; fileRef = 27D92375299DF28000BA5C31 /* LaunchScreen.storyboard */; };
		27DE232029B95F8F00AF0DE8 /* FeedLoaderWithFallbackComposite.swift in Sources */ = {isa = PBXBuildFile; fileRef = 27DE231F29B95F8F00AF0DE8 /* FeedLoaderWithFallbackComposite.swift */; };
		27DE232229B9874800AF0DE8 /* FeedImageDataLoaderWithFallbackComposite.swift in Sources */ = {isa = PBXBuildFile; fileRef = 27DE232129B9874800AF0DE8 /* FeedImageDataLoaderWithFallbackComposite.swift */; };
		F042521129C69B8B006E28BE /* FeedViewControllerTest+LoaderSpy.swift in Sources */ = {isa = PBXBuildFile; fileRef = F042520829C69B8A006E28BE /* FeedViewControllerTest+LoaderSpy.swift */; };
		F042521229C69B8B006E28BE /* UIImage+TestHelpers.swift in Sources */ = {isa = PBXBuildFile; fileRef = F042520929C69B8A006E28BE /* UIImage+TestHelpers.swift */; };
		F042521329C69B8B006E28BE /* UIButton+TestHelpers.swift in Sources */ = {isa = PBXBuildFile; fileRef = F042520A29C69B8A006E28BE /* UIButton+TestHelpers.swift */; };
		F042521429C69B8B006E28BE /* UIRefreshControl+TestHelpers.swift in Sources */ = {isa = PBXBuildFile; fileRef = F042520B29C69B8A006E28BE /* UIRefreshControl+TestHelpers.swift */; };
		F042521529C69B8B006E28BE /* FeedImageCell+TestHelpers.swift in Sources */ = {isa = PBXBuildFile; fileRef = F042520C29C69B8A006E28BE /* FeedImageCell+TestHelpers.swift */; };
		F042521629C69B8B006E28BE /* FeedCiewControllerTests+Assertions.swift in Sources */ = {isa = PBXBuildFile; fileRef = F042520D29C69B8A006E28BE /* FeedCiewControllerTests+Assertions.swift */; };
		F042521729C69B8B006E28BE /* FeedViewController+TestHelpers.swift in Sources */ = {isa = PBXBuildFile; fileRef = F042520E29C69B8A006E28BE /* FeedViewController+TestHelpers.swift */; };
		F042521829C69B8B006E28BE /* UIControl+TestHelpers.swift in Sources */ = {isa = PBXBuildFile; fileRef = F042520F29C69B8A006E28BE /* UIControl+TestHelpers.swift */; };
		F042521929C69B8B006E28BE /* FeedViewControllerTests+Localization.swift in Sources */ = {isa = PBXBuildFile; fileRef = F042521029C69B8B006E28BE /* FeedViewControllerTests+Localization.swift */; };
		F042521C29C69BA7006E28BE /* FeedLocalizationTests.swift in Sources */ = {isa = PBXBuildFile; fileRef = F042521A29C69BA7006E28BE /* FeedLocalizationTests.swift */; };
		F042521D29C69BA7006E28BE /* FeedUIIntegrationTest.swift in Sources */ = {isa = PBXBuildFile; fileRef = F042521B29C69BA7006E28BE /* FeedUIIntegrationTest.swift */; };
		F042522429C69BCF006E28BE /* MainqueueDisptachDecorator.swift in Sources */ = {isa = PBXBuildFile; fileRef = F042521E29C69BCF006E28BE /* MainqueueDisptachDecorator.swift */; };
		F042522529C69BCF006E28BE /* FeedUIComposer.swift in Sources */ = {isa = PBXBuildFile; fileRef = F042521F29C69BCF006E28BE /* FeedUIComposer.swift */; };
		F042522629C69BCF006E28BE /* FeedImageDataLoaderPresentationAdapter.swift in Sources */ = {isa = PBXBuildFile; fileRef = F042522029C69BCF006E28BE /* FeedImageDataLoaderPresentationAdapter.swift */; };
		F042522729C69BCF006E28BE /* WeakRefVirtualProxy.swift in Sources */ = {isa = PBXBuildFile; fileRef = F042522129C69BCF006E28BE /* WeakRefVirtualProxy.swift */; };
		F042522829C69BCF006E28BE /* FeedViewAdapter.swift in Sources */ = {isa = PBXBuildFile; fileRef = F042522229C69BCF006E28BE /* FeedViewAdapter.swift */; };
		F042522929C69BCF006E28BE /* FeedLoaderPresentationAdapter.swift in Sources */ = {isa = PBXBuildFile; fileRef = F042522329C69BCF006E28BE /* FeedLoaderPresentationAdapter.swift */; };
		F04EF1F529C8F4A500100B16 /* FeedAcceptanceTests.swift in Sources */ = {isa = PBXBuildFile; fileRef = F04EF1F429C8F4A500100B16 /* FeedAcceptanceTests.swift */; };
		F06512FA29CB6D7F005F122B /* HTTPClientStub.swift in Sources */ = {isa = PBXBuildFile; fileRef = F06512F929CB6D7F005F122B /* HTTPClientStub.swift */; };
		F081D21F29C67B0700946112 /* SceneDelegateTests.swift in Sources */ = {isa = PBXBuildFile; fileRef = F081D21E29C67B0700946112 /* SceneDelegateTests.swift */; };
		F0E7514F29C3A070007834F6 /* XCTestCase+MemoryLeaks.swift in Sources */ = {isa = PBXBuildFile; fileRef = F0E7514E29C3A070007834F6 /* XCTestCase+MemoryLeaks.swift */; };
		F0E7515129C3A2F2007834F6 /* FeedLoaderStub.swift in Sources */ = {isa = PBXBuildFile; fileRef = F0E7515029C3A2F2007834F6 /* FeedLoaderStub.swift */; };
		F0E7515329C3A701007834F6 /* SharedTestHelpers.swift in Sources */ = {isa = PBXBuildFile; fileRef = F0E7515229C3A701007834F6 /* SharedTestHelpers.swift */; };
		F0E7515529C3A810007834F6 /* XCTestCase+FeedLoader.swift in Sources */ = {isa = PBXBuildFile; fileRef = F0E7515429C3A810007834F6 /* XCTestCase+FeedLoader.swift */; };
		F0E7515929C3BAD8007834F6 /* FeedLoaderCacheDecorator.swift in Sources */ = {isa = PBXBuildFile; fileRef = F0E7515829C3BAD8007834F6 /* FeedLoaderCacheDecorator.swift */; };
		F0E7515B29C3CAC0007834F6 /* FeedImageDataLoaderCacheDecoratorTests.swift in Sources */ = {isa = PBXBuildFile; fileRef = F0E7515A29C3CAC0007834F6 /* FeedImageDataLoaderCacheDecoratorTests.swift */; };
		F0E7515D29C3D42B007834F6 /* FeedImageDataLoaderWithFallbackCompositeTest.swift in Sources */ = {isa = PBXBuildFile; fileRef = F0E7515C29C3D42B007834F6 /* FeedImageDataLoaderWithFallbackCompositeTest.swift */; };
		F0E7515F29C3D4BF007834F6 /* FeedImageDataLoaderSpy.swift in Sources */ = {isa = PBXBuildFile; fileRef = F0E7515E29C3D4BF007834F6 /* FeedImageDataLoaderSpy.swift */; };
		F0E7516129C3D5F9007834F6 /* XCTestCase+FeedImageDataLoader.swift in Sources */ = {isa = PBXBuildFile; fileRef = F0E7516029C3D5F9007834F6 /* XCTestCase+FeedImageDataLoader.swift */; };
		F0E7516529C3DBC7007834F6 /* FeedImageDataLoaderCacheDecorator.swift in Sources */ = {isa = PBXBuildFile; fileRef = F0E7516429C3DBC7007834F6 /* FeedImageDataLoaderCacheDecorator.swift */; };
/* End PBXBuildFile section */

/* Begin PBXContainerItemProxy section */
		278EC42A29B932110017A7A2 /* PBXContainerItemProxy */ = {
			isa = PBXContainerItemProxy;
			containerPortal = 27D9235F299DF27B00BA5C31 /* Project object */;
			proxyType = 1;
			remoteGlobalIDString = 27D92366299DF27B00BA5C31;
			remoteInfo = EssentialApp;
		};
/* End PBXContainerItemProxy section */

/* Begin PBXCopyFilesBuildPhase section */
		2766AB5C29B0614C00D3D61C /* Embed Frameworks */ = {
			isa = PBXCopyFilesBuildPhase;
			buildActionMask = 2147483647;
			dstPath = "";
			dstSubfolderSpec = 10;
			files = (
				2766AB5B29B0614C00D3D61C /* EssentialFeed.framework in Embed Frameworks */,
				2766AB5F29B0615100D3D61C /* EssentialFeediOS.framework in Embed Frameworks */,
			);
			name = "Embed Frameworks";
			runOnlyForDeploymentPostprocessing = 0;
		};
/* End PBXCopyFilesBuildPhase section */

/* Begin PBXFileReference section */
		2766AB5929B0614C00D3D61C /* EssentialFeed.framework */ = {isa = PBXFileReference; explicitFileType = wrapper.framework; path = EssentialFeed.framework; sourceTree = BUILT_PRODUCTS_DIR; };
		2766AB5D29B0615100D3D61C /* EssentialFeediOS.framework */ = {isa = PBXFileReference; explicitFileType = wrapper.framework; path = EssentialFeediOS.framework; sourceTree = BUILT_PRODUCTS_DIR; };
		278EC42629B932110017A7A2 /* EssentialAppTests.xctest */ = {isa = PBXFileReference; explicitFileType = wrapper.cfbundle; includeInIndex = 0; path = EssentialAppTests.xctest; sourceTree = BUILT_PRODUCTS_DIR; };
		278EC42F29B932510017A7A2 /* FeedLoaderWithFallbackCompositeTests.swift */ = {isa = PBXFileReference; lastKnownFileType = sourcecode.swift; path = FeedLoaderWithFallbackCompositeTests.swift; sourceTree = "<group>"; };
		27A1641C29BAA04000E7E3BA /* FeedLoaderCacheDecoratorTests.swift */ = {isa = PBXFileReference; lastKnownFileType = sourcecode.swift; path = FeedLoaderCacheDecoratorTests.swift; sourceTree = "<group>"; };
		27BED79B29B92F07004AD14D /* EssentialAppTests */ = {isa = PBXFileReference; lastKnownFileType = folder; name = EssentialAppTests; path = ../EssentialDeveloper/Xcode/EssentialFeed/EssentialAppTests; sourceTree = "<group>"; };
		27D92367299DF27B00BA5C31 /* EssentialApp.app */ = {isa = PBXFileReference; explicitFileType = wrapper.application; includeInIndex = 0; path = EssentialApp.app; sourceTree = BUILT_PRODUCTS_DIR; };
		27D9236A299DF27B00BA5C31 /* AppDelegate.swift */ = {isa = PBXFileReference; lastKnownFileType = sourcecode.swift; path = AppDelegate.swift; sourceTree = "<group>"; };
		27D9236C299DF27B00BA5C31 /* SceneDelegate.swift */ = {isa = PBXFileReference; lastKnownFileType = sourcecode.swift; path = SceneDelegate.swift; sourceTree = "<group>"; };
		27D9236E299DF27B00BA5C31 /* ViewController.swift */ = {isa = PBXFileReference; lastKnownFileType = sourcecode.swift; path = ViewController.swift; sourceTree = "<group>"; };
		27D92371299DF27B00BA5C31 /* Base */ = {isa = PBXFileReference; lastKnownFileType = file.storyboard; name = Base; path = Base.lproj/Main.storyboard; sourceTree = "<group>"; };
		27D92373299DF28000BA5C31 /* Assets.xcassets */ = {isa = PBXFileReference; lastKnownFileType = folder.assetcatalog; path = Assets.xcassets; sourceTree = "<group>"; };
		27D92376299DF28000BA5C31 /* Base */ = {isa = PBXFileReference; lastKnownFileType = file.storyboard; name = Base; path = Base.lproj/LaunchScreen.storyboard; sourceTree = "<group>"; };
		27D92378299DF28000BA5C31 /* Info.plist */ = {isa = PBXFileReference; lastKnownFileType = text.plist.xml; path = Info.plist; sourceTree = "<group>"; };
		27DE231F29B95F8F00AF0DE8 /* FeedLoaderWithFallbackComposite.swift */ = {isa = PBXFileReference; lastKnownFileType = sourcecode.swift; path = FeedLoaderWithFallbackComposite.swift; sourceTree = "<group>"; };
		27DE232129B9874800AF0DE8 /* FeedImageDataLoaderWithFallbackComposite.swift */ = {isa = PBXFileReference; lastKnownFileType = sourcecode.swift; path = FeedImageDataLoaderWithFallbackComposite.swift; sourceTree = "<group>"; };
		F042520829C69B8A006E28BE /* FeedViewControllerTest+LoaderSpy.swift */ = {isa = PBXFileReference; fileEncoding = 4; lastKnownFileType = sourcecode.swift; path = "FeedViewControllerTest+LoaderSpy.swift"; sourceTree = "<group>"; };
		F042520929C69B8A006E28BE /* UIImage+TestHelpers.swift */ = {isa = PBXFileReference; fileEncoding = 4; lastKnownFileType = sourcecode.swift; path = "UIImage+TestHelpers.swift"; sourceTree = "<group>"; };
		F042520A29C69B8A006E28BE /* UIButton+TestHelpers.swift */ = {isa = PBXFileReference; fileEncoding = 4; lastKnownFileType = sourcecode.swift; path = "UIButton+TestHelpers.swift"; sourceTree = "<group>"; };
		F042520B29C69B8A006E28BE /* UIRefreshControl+TestHelpers.swift */ = {isa = PBXFileReference; fileEncoding = 4; lastKnownFileType = sourcecode.swift; path = "UIRefreshControl+TestHelpers.swift"; sourceTree = "<group>"; };
		F042520C29C69B8A006E28BE /* FeedImageCell+TestHelpers.swift */ = {isa = PBXFileReference; fileEncoding = 4; lastKnownFileType = sourcecode.swift; path = "FeedImageCell+TestHelpers.swift"; sourceTree = "<group>"; };
		F042520D29C69B8A006E28BE /* FeedCiewControllerTests+Assertions.swift */ = {isa = PBXFileReference; fileEncoding = 4; lastKnownFileType = sourcecode.swift; path = "FeedCiewControllerTests+Assertions.swift"; sourceTree = "<group>"; };
		F042520E29C69B8A006E28BE /* FeedViewController+TestHelpers.swift */ = {isa = PBXFileReference; fileEncoding = 4; lastKnownFileType = sourcecode.swift; path = "FeedViewController+TestHelpers.swift"; sourceTree = "<group>"; };
		F042520F29C69B8A006E28BE /* UIControl+TestHelpers.swift */ = {isa = PBXFileReference; fileEncoding = 4; lastKnownFileType = sourcecode.swift; path = "UIControl+TestHelpers.swift"; sourceTree = "<group>"; };
		F042521029C69B8B006E28BE /* FeedViewControllerTests+Localization.swift */ = {isa = PBXFileReference; fileEncoding = 4; lastKnownFileType = sourcecode.swift; path = "FeedViewControllerTests+Localization.swift"; sourceTree = "<group>"; };
		F042521A29C69BA7006E28BE /* FeedLocalizationTests.swift */ = {isa = PBXFileReference; fileEncoding = 4; lastKnownFileType = sourcecode.swift; path = FeedLocalizationTests.swift; sourceTree = "<group>"; };
		F042521B29C69BA7006E28BE /* FeedUIIntegrationTest.swift */ = {isa = PBXFileReference; fileEncoding = 4; lastKnownFileType = sourcecode.swift; path = FeedUIIntegrationTest.swift; sourceTree = "<group>"; };
		F042521E29C69BCF006E28BE /* MainqueueDisptachDecorator.swift */ = {isa = PBXFileReference; fileEncoding = 4; lastKnownFileType = sourcecode.swift; path = MainqueueDisptachDecorator.swift; sourceTree = "<group>"; };
		F042521F29C69BCF006E28BE /* FeedUIComposer.swift */ = {isa = PBXFileReference; fileEncoding = 4; lastKnownFileType = sourcecode.swift; path = FeedUIComposer.swift; sourceTree = "<group>"; };
		F042522029C69BCF006E28BE /* FeedImageDataLoaderPresentationAdapter.swift */ = {isa = PBXFileReference; fileEncoding = 4; lastKnownFileType = sourcecode.swift; path = FeedImageDataLoaderPresentationAdapter.swift; sourceTree = "<group>"; };
		F042522129C69BCF006E28BE /* WeakRefVirtualProxy.swift */ = {isa = PBXFileReference; fileEncoding = 4; lastKnownFileType = sourcecode.swift; path = WeakRefVirtualProxy.swift; sourceTree = "<group>"; };
		F042522229C69BCF006E28BE /* FeedViewAdapter.swift */ = {isa = PBXFileReference; fileEncoding = 4; lastKnownFileType = sourcecode.swift; path = FeedViewAdapter.swift; sourceTree = "<group>"; };
		F042522329C69BCF006E28BE /* FeedLoaderPresentationAdapter.swift */ = {isa = PBXFileReference; fileEncoding = 4; lastKnownFileType = sourcecode.swift; path = FeedLoaderPresentationAdapter.swift; sourceTree = "<group>"; };
		F04EF1F429C8F4A500100B16 /* FeedAcceptanceTests.swift */ = {isa = PBXFileReference; lastKnownFileType = sourcecode.swift; path = FeedAcceptanceTests.swift; sourceTree = "<group>"; };
		F06512F929CB6D7F005F122B /* HTTPClientStub.swift */ = {isa = PBXFileReference; lastKnownFileType = sourcecode.swift; path = HTTPClientStub.swift; sourceTree = "<group>"; };
		F081D21E29C67B0700946112 /* SceneDelegateTests.swift */ = {isa = PBXFileReference; lastKnownFileType = sourcecode.swift; path = SceneDelegateTests.swift; sourceTree = "<group>"; };
		F0E7514E29C3A070007834F6 /* XCTestCase+MemoryLeaks.swift */ = {isa = PBXFileReference; lastKnownFileType = sourcecode.swift; path = "XCTestCase+MemoryLeaks.swift"; sourceTree = "<group>"; };
		F0E7515029C3A2F2007834F6 /* FeedLoaderStub.swift */ = {isa = PBXFileReference; lastKnownFileType = sourcecode.swift; path = FeedLoaderStub.swift; sourceTree = "<group>"; };
		F0E7515229C3A701007834F6 /* SharedTestHelpers.swift */ = {isa = PBXFileReference; lastKnownFileType = sourcecode.swift; path = SharedTestHelpers.swift; sourceTree = "<group>"; };
		F0E7515429C3A810007834F6 /* XCTestCase+FeedLoader.swift */ = {isa = PBXFileReference; lastKnownFileType = sourcecode.swift; path = "XCTestCase+FeedLoader.swift"; sourceTree = "<group>"; };
		F0E7515829C3BAD8007834F6 /* FeedLoaderCacheDecorator.swift */ = {isa = PBXFileReference; lastKnownFileType = sourcecode.swift; path = FeedLoaderCacheDecorator.swift; sourceTree = "<group>"; };
		F0E7515A29C3CAC0007834F6 /* FeedImageDataLoaderCacheDecoratorTests.swift */ = {isa = PBXFileReference; lastKnownFileType = sourcecode.swift; path = FeedImageDataLoaderCacheDecoratorTests.swift; sourceTree = "<group>"; };
		F0E7515C29C3D42B007834F6 /* FeedImageDataLoaderWithFallbackCompositeTest.swift */ = {isa = PBXFileReference; lastKnownFileType = sourcecode.swift; path = FeedImageDataLoaderWithFallbackCompositeTest.swift; sourceTree = "<group>"; };
		F0E7515E29C3D4BF007834F6 /* FeedImageDataLoaderSpy.swift */ = {isa = PBXFileReference; lastKnownFileType = sourcecode.swift; path = FeedImageDataLoaderSpy.swift; sourceTree = "<group>"; };
		F0E7516029C3D5F9007834F6 /* XCTestCase+FeedImageDataLoader.swift */ = {isa = PBXFileReference; lastKnownFileType = sourcecode.swift; path = "XCTestCase+FeedImageDataLoader.swift"; sourceTree = "<group>"; };
		F0E7516429C3DBC7007834F6 /* FeedImageDataLoaderCacheDecorator.swift */ = {isa = PBXFileReference; lastKnownFileType = sourcecode.swift; path = FeedImageDataLoaderCacheDecorator.swift; sourceTree = "<group>"; };
/* End PBXFileReference section */

/* Begin PBXFrameworksBuildPhase section */
		278EC42329B932110017A7A2 /* Frameworks */ = {
			isa = PBXFrameworksBuildPhase;
			buildActionMask = 2147483647;
			files = (
			);
			runOnlyForDeploymentPostprocessing = 0;
		};
		27D92364299DF27B00BA5C31 /* Frameworks */ = {
			isa = PBXFrameworksBuildPhase;
			buildActionMask = 2147483647;
			files = (
				2766AB5A29B0614C00D3D61C /* EssentialFeed.framework in Frameworks */,
				2766AB5E29B0615100D3D61C /* EssentialFeediOS.framework in Frameworks */,
			);
			runOnlyForDeploymentPostprocessing = 0;
		};
/* End PBXFrameworksBuildPhase section */

/* Begin PBXGroup section */
		2766AB5829B0614C00D3D61C /* Frameworks */ = {
			isa = PBXGroup;
			children = (
				27BED79B29B92F07004AD14D /* EssentialAppTests */,
				2766AB5D29B0615100D3D61C /* EssentialFeediOS.framework */,
				2766AB5929B0614C00D3D61C /* EssentialFeed.framework */,
			);
			name = Frameworks;
			sourceTree = "<group>";
		};
		278EC42729B932110017A7A2 /* EssentialAppTests */ = {
			isa = PBXGroup;
			children = (
				F0E7514D29C3A01C007834F6 /* Helpers */,
				278EC42F29B932510017A7A2 /* FeedLoaderWithFallbackCompositeTests.swift */,
				F04EF1F429C8F4A500100B16 /* FeedAcceptanceTests.swift */,
				27A1641C29BAA04000E7E3BA /* FeedLoaderCacheDecoratorTests.swift */,
				F042521B29C69BA7006E28BE /* FeedUIIntegrationTest.swift */,
				F042521A29C69BA7006E28BE /* FeedLocalizationTests.swift */,
				F081D21E29C67B0700946112 /* SceneDelegateTests.swift */,
				F0E7515A29C3CAC0007834F6 /* FeedImageDataLoaderCacheDecoratorTests.swift */,
				F0E7515C29C3D42B007834F6 /* FeedImageDataLoaderWithFallbackCompositeTest.swift */,
			);
			path = EssentialAppTests;
			sourceTree = "<group>";
		};
		27D9235E299DF27B00BA5C31 = {
			isa = PBXGroup;
			children = (
				27D92369299DF27B00BA5C31 /* EssentialApp */,
				278EC42729B932110017A7A2 /* EssentialAppTests */,
				27D92368299DF27B00BA5C31 /* Products */,
				2766AB5829B0614C00D3D61C /* Frameworks */,
			);
			sourceTree = "<group>";
		};
		27D92368299DF27B00BA5C31 /* Products */ = {
			isa = PBXGroup;
			children = (
				27D92367299DF27B00BA5C31 /* EssentialApp.app */,
				278EC42629B932110017A7A2 /* EssentialAppTests.xctest */,
			);
			name = Products;
			sourceTree = "<group>";
		};
		27D92369299DF27B00BA5C31 /* EssentialApp */ = {
			isa = PBXGroup;
			children = (
				27D9236A299DF27B00BA5C31 /* AppDelegate.swift */,
				27D9236C299DF27B00BA5C31 /* SceneDelegate.swift */,
				F0E7515829C3BAD8007834F6 /* FeedLoaderCacheDecorator.swift */,
				F042521F29C69BCF006E28BE /* FeedUIComposer.swift */,
				F042521E29C69BCF006E28BE /* MainqueueDisptachDecorator.swift */,
				F042522129C69BCF006E28BE /* WeakRefVirtualProxy.swift */,
				F042522229C69BCF006E28BE /* FeedViewAdapter.swift */,
				F042522029C69BCF006E28BE /* FeedImageDataLoaderPresentationAdapter.swift */,
				F042522329C69BCF006E28BE /* FeedLoaderPresentationAdapter.swift */,
				F0E7516429C3DBC7007834F6 /* FeedImageDataLoaderCacheDecorator.swift */,
				27D9236E299DF27B00BA5C31 /* ViewController.swift */,
				27D92370299DF27B00BA5C31 /* Main.storyboard */,
				27D92373299DF28000BA5C31 /* Assets.xcassets */,
				27D92375299DF28000BA5C31 /* LaunchScreen.storyboard */,
				27D92378299DF28000BA5C31 /* Info.plist */,
				27DE231F29B95F8F00AF0DE8 /* FeedLoaderWithFallbackComposite.swift */,
				27DE232129B9874800AF0DE8 /* FeedImageDataLoaderWithFallbackComposite.swift */,
			);
			path = EssentialApp;
			sourceTree = "<group>";
		};
		F0E7514D29C3A01C007834F6 /* Helpers */ = {
			isa = PBXGroup;
			children = (
				F042520929C69B8A006E28BE /* UIImage+TestHelpers.swift */,
				F042520A29C69B8A006E28BE /* UIButton+TestHelpers.swift */,
				F042520B29C69B8A006E28BE /* UIRefreshControl+TestHelpers.swift */,
				F042520F29C69B8A006E28BE /* UIControl+TestHelpers.swift */,
				F042520C29C69B8A006E28BE /* FeedImageCell+TestHelpers.swift */,
				F042520829C69B8A006E28BE /* FeedViewControllerTest+LoaderSpy.swift */,
				F042520E29C69B8A006E28BE /* FeedViewController+TestHelpers.swift */,
				F042520D29C69B8A006E28BE /* FeedCiewControllerTests+Assertions.swift */,
				F042521029C69B8B006E28BE /* FeedViewControllerTests+Localization.swift */,
				F0E7514E29C3A070007834F6 /* XCTestCase+MemoryLeaks.swift */,
				F0E7516029C3D5F9007834F6 /* XCTestCase+FeedImageDataLoader.swift */,
				F0E7515E29C3D4BF007834F6 /* FeedImageDataLoaderSpy.swift */,
				F0E7515229C3A701007834F6 /* SharedTestHelpers.swift */,
				F0E7515029C3A2F2007834F6 /* FeedLoaderStub.swift */,
				F0E7515429C3A810007834F6 /* XCTestCase+FeedLoader.swift */,
				F06512F929CB6D7F005F122B /* HTTPClientStub.swift */,
			);
			path = Helpers;
			sourceTree = "<group>";
		};
/* End PBXGroup section */

/* Begin PBXNativeTarget section */
		278EC42529B932110017A7A2 /* EssentialAppTests */ = {
			isa = PBXNativeTarget;
			buildConfigurationList = 278EC42E29B932110017A7A2 /* Build configuration list for PBXNativeTarget "EssentialAppTests" */;
			buildPhases = (
				278EC42229B932110017A7A2 /* Sources */,
				278EC42329B932110017A7A2 /* Frameworks */,
				278EC42429B932110017A7A2 /* Resources */,
			);
			buildRules = (
			);
			dependencies = (
				278EC42B29B932110017A7A2 /* PBXTargetDependency */,
			);
			name = EssentialAppTests;
			productName = EssentialAppTests;
			productReference = 278EC42629B932110017A7A2 /* EssentialAppTests.xctest */;
			productType = "com.apple.product-type.bundle.unit-test";
		};
		27D92366299DF27B00BA5C31 /* EssentialApp */ = {
			isa = PBXNativeTarget;
			buildConfigurationList = 27D9237B299DF28000BA5C31 /* Build configuration list for PBXNativeTarget "EssentialApp" */;
			buildPhases = (
				27D92363299DF27B00BA5C31 /* Sources */,
				27D92364299DF27B00BA5C31 /* Frameworks */,
				27D92365299DF27B00BA5C31 /* Resources */,
				2766AB5C29B0614C00D3D61C /* Embed Frameworks */,
			);
			buildRules = (
			);
			dependencies = (
			);
			name = EssentialApp;
			productName = EssentialApp;
			productReference = 27D92367299DF27B00BA5C31 /* EssentialApp.app */;
			productType = "com.apple.product-type.application";
		};
/* End PBXNativeTarget section */

/* Begin PBXProject section */
		27D9235F299DF27B00BA5C31 /* Project object */ = {
			isa = PBXProject;
			attributes = {
				BuildIndependentTargetsInParallel = 1;
				LastSwiftUpdateCheck = 1420;
				LastUpgradeCheck = 1420;
				TargetAttributes = {
					278EC42529B932110017A7A2 = {
						CreatedOnToolsVersion = 14.2;
						LastSwiftMigration = 1420;
						TestTargetID = 27D92366299DF27B00BA5C31;
					};
					27D92366299DF27B00BA5C31 = {
						CreatedOnToolsVersion = 14.2;
					};
				};
			};
			buildConfigurationList = 27D92362299DF27B00BA5C31 /* Build configuration list for PBXProject "EssentialApp" */;
			compatibilityVersion = "Xcode 14.0";
			developmentRegion = en;
			hasScannedForEncodings = 0;
			knownRegions = (
				en,
				Base,
			);
			mainGroup = 27D9235E299DF27B00BA5C31;
			productRefGroup = 27D92368299DF27B00BA5C31 /* Products */;
			projectDirPath = "";
			projectRoot = "";
			targets = (
				27D92366299DF27B00BA5C31 /* EssentialApp */,
				278EC42529B932110017A7A2 /* EssentialAppTests */,
			);
		};
/* End PBXProject section */

/* Begin PBXResourcesBuildPhase section */
		278EC42429B932110017A7A2 /* Resources */ = {
			isa = PBXResourcesBuildPhase;
			buildActionMask = 2147483647;
			files = (
			);
			runOnlyForDeploymentPostprocessing = 0;
		};
		27D92365299DF27B00BA5C31 /* Resources */ = {
			isa = PBXResourcesBuildPhase;
			buildActionMask = 2147483647;
			files = (
				27D92377299DF28000BA5C31 /* LaunchScreen.storyboard in Resources */,
				27D92374299DF28000BA5C31 /* Assets.xcassets in Resources */,
				27D92372299DF27B00BA5C31 /* Main.storyboard in Resources */,
			);
			runOnlyForDeploymentPostprocessing = 0;
		};
/* End PBXResourcesBuildPhase section */

/* Begin PBXSourcesBuildPhase section */
		278EC42229B932110017A7A2 /* Sources */ = {
			isa = PBXSourcesBuildPhase;
			buildActionMask = 2147483647;
			files = (
				F0E7515129C3A2F2007834F6 /* FeedLoaderStub.swift in Sources */,
				F042521429C69B8B006E28BE /* UIRefreshControl+TestHelpers.swift in Sources */,
				278EC43029B932510017A7A2 /* FeedLoaderWithFallbackCompositeTests.swift in Sources */,
				F0E7515329C3A701007834F6 /* SharedTestHelpers.swift in Sources */,
				F042521729C69B8B006E28BE /* FeedViewController+TestHelpers.swift in Sources */,
				F0E7516129C3D5F9007834F6 /* XCTestCase+FeedImageDataLoader.swift in Sources */,
				F081D21F29C67B0700946112 /* SceneDelegateTests.swift in Sources */,
				F042521929C69B8B006E28BE /* FeedViewControllerTests+Localization.swift in Sources */,
				F04EF1F529C8F4A500100B16 /* FeedAcceptanceTests.swift in Sources */,
				F042521D29C69BA7006E28BE /* FeedUIIntegrationTest.swift in Sources */,
				F042521629C69B8B006E28BE /* FeedCiewControllerTests+Assertions.swift in Sources */,
				F042521229C69B8B006E28BE /* UIImage+TestHelpers.swift in Sources */,
				F06512FA29CB6D7F005F122B /* HTTPClientStub.swift in Sources */,
				F0E7515529C3A810007834F6 /* XCTestCase+FeedLoader.swift in Sources */,
				F042521C29C69BA7006E28BE /* FeedLocalizationTests.swift in Sources */,
				F0E7515F29C3D4BF007834F6 /* FeedImageDataLoaderSpy.swift in Sources */,
				F0E7515D29C3D42B007834F6 /* FeedImageDataLoaderWithFallbackCompositeTest.swift in Sources */,
				27A1641D29BAA04000E7E3BA /* FeedLoaderCacheDecoratorTests.swift in Sources */,
				F0E7514F29C3A070007834F6 /* XCTestCase+MemoryLeaks.swift in Sources */,
				F042521329C69B8B006E28BE /* UIButton+TestHelpers.swift in Sources */,
				F042521129C69B8B006E28BE /* FeedViewControllerTest+LoaderSpy.swift in Sources */,
				F042521829C69B8B006E28BE /* UIControl+TestHelpers.swift in Sources */,
				F0E7515B29C3CAC0007834F6 /* FeedImageDataLoaderCacheDecoratorTests.swift in Sources */,
				F042521529C69B8B006E28BE /* FeedImageCell+TestHelpers.swift in Sources */,
			);
			runOnlyForDeploymentPostprocessing = 0;
		};
		27D92363299DF27B00BA5C31 /* Sources */ = {
			isa = PBXSourcesBuildPhase;
			buildActionMask = 2147483647;
			files = (
				27D9236F299DF27B00BA5C31 /* ViewController.swift in Sources */,
				27D9236B299DF27B00BA5C31 /* AppDelegate.swift in Sources */,
				27DE232029B95F8F00AF0DE8 /* FeedLoaderWithFallbackComposite.swift in Sources */,
				F042522429C69BCF006E28BE /* MainqueueDisptachDecorator.swift in Sources */,
				F0E7515929C3BAD8007834F6 /* FeedLoaderCacheDecorator.swift in Sources */,
				27D9236D299DF27B00BA5C31 /* SceneDelegate.swift in Sources */,
				27DE232229B9874800AF0DE8 /* FeedImageDataLoaderWithFallbackComposite.swift in Sources */,
				F0E7516529C3DBC7007834F6 /* FeedImageDataLoaderCacheDecorator.swift in Sources */,
				F042522629C69BCF006E28BE /* FeedImageDataLoaderPresentationAdapter.swift in Sources */,
				F042522729C69BCF006E28BE /* WeakRefVirtualProxy.swift in Sources */,
				F042522529C69BCF006E28BE /* FeedUIComposer.swift in Sources */,
				F042522929C69BCF006E28BE /* FeedLoaderPresentationAdapter.swift in Sources */,
				F042522829C69BCF006E28BE /* FeedViewAdapter.swift in Sources */,
			);
			runOnlyForDeploymentPostprocessing = 0;
		};
/* End PBXSourcesBuildPhase section */

/* Begin PBXTargetDependency section */
		278EC42B29B932110017A7A2 /* PBXTargetDependency */ = {
			isa = PBXTargetDependency;
			target = 27D92366299DF27B00BA5C31 /* EssentialApp */;
			targetProxy = 278EC42A29B932110017A7A2 /* PBXContainerItemProxy */;
		};
/* End PBXTargetDependency section */

/* Begin PBXVariantGroup section */
		27D92370299DF27B00BA5C31 /* Main.storyboard */ = {
			isa = PBXVariantGroup;
			children = (
				27D92371299DF27B00BA5C31 /* Base */,
			);
			name = Main.storyboard;
			sourceTree = "<group>";
		};
		27D92375299DF28000BA5C31 /* LaunchScreen.storyboard */ = {
			isa = PBXVariantGroup;
			children = (
				27D92376299DF28000BA5C31 /* Base */,
			);
			name = LaunchScreen.storyboard;
			sourceTree = "<group>";
		};
/* End PBXVariantGroup section */

/* Begin XCBuildConfiguration section */
		278EC42C29B932110017A7A2 /* Debug */ = {
			isa = XCBuildConfiguration;
			buildSettings = {
				BUNDLE_LOADER = "$(TEST_HOST)";
				CLANG_ENABLE_MODULES = YES;
				CODE_SIGN_STYLE = Automatic;
				CURRENT_PROJECT_VERSION = 1;
				DEVELOPMENT_TEAM = U395YUXH44;
				GENERATE_INFOPLIST_FILE = YES;
				LD_RUNPATH_SEARCH_PATHS = (
					"$(inherited)",
					"@executable_path/Frameworks",
					"@loader_path/Frameworks",
				);
				MARKETING_VERSION = 1.0;
				PRODUCT_BUNDLE_IDENTIFIER = IrisGalGal.EssentialAppTests;
				PRODUCT_NAME = "$(TARGET_NAME)";
				SWIFT_EMIT_LOC_STRINGS = NO;
				SWIFT_OPTIMIZATION_LEVEL = "-Onone";
				SWIFT_VERSION = 5.0;
				TARGETED_DEVICE_FAMILY = "1,2";
				TEST_HOST = "$(BUILT_PRODUCTS_DIR)/EssentialApp.app/$(BUNDLE_EXECUTABLE_FOLDER_PATH)/EssentialApp";
			};
			name = Debug;
		};
		278EC42D29B932110017A7A2 /* Release */ = {
			isa = XCBuildConfiguration;
			buildSettings = {
				BUNDLE_LOADER = "$(TEST_HOST)";
				CLANG_ENABLE_MODULES = YES;
				CODE_SIGN_STYLE = Automatic;
				CURRENT_PROJECT_VERSION = 1;
				DEVELOPMENT_TEAM = U395YUXH44;
				GENERATE_INFOPLIST_FILE = YES;
				LD_RUNPATH_SEARCH_PATHS = (
					"$(inherited)",
					"@executable_path/Frameworks",
					"@loader_path/Frameworks",
				);
				MARKETING_VERSION = 1.0;
				PRODUCT_BUNDLE_IDENTIFIER = IrisGalGal.EssentialAppTests;
				PRODUCT_NAME = "$(TARGET_NAME)";
				SWIFT_EMIT_LOC_STRINGS = NO;
				SWIFT_VERSION = 5.0;
				TARGETED_DEVICE_FAMILY = "1,2";
				TEST_HOST = "$(BUILT_PRODUCTS_DIR)/EssentialApp.app/$(BUNDLE_EXECUTABLE_FOLDER_PATH)/EssentialApp";
			};
			name = Release;
		};
		27D92379299DF28000BA5C31 /* Debug */ = {
			isa = XCBuildConfiguration;
			buildSettings = {
				ALWAYS_SEARCH_USER_PATHS = NO;
				CLANG_ANALYZER_NONNULL = YES;
				CLANG_ANALYZER_NUMBER_OBJECT_CONVERSION = YES_AGGRESSIVE;
				CLANG_CXX_LANGUAGE_STANDARD = "gnu++20";
				CLANG_ENABLE_MODULES = YES;
				CLANG_ENABLE_OBJC_ARC = YES;
				CLANG_ENABLE_OBJC_WEAK = YES;
				CLANG_WARN_BLOCK_CAPTURE_AUTORELEASING = YES;
				CLANG_WARN_BOOL_CONVERSION = YES;
				CLANG_WARN_COMMA = YES;
				CLANG_WARN_CONSTANT_CONVERSION = YES;
				CLANG_WARN_DEPRECATED_OBJC_IMPLEMENTATIONS = YES;
				CLANG_WARN_DIRECT_OBJC_ISA_USAGE = YES_ERROR;
				CLANG_WARN_DOCUMENTATION_COMMENTS = YES;
				CLANG_WARN_EMPTY_BODY = YES;
				CLANG_WARN_ENUM_CONVERSION = YES;
				CLANG_WARN_INFINITE_RECURSION = YES;
				CLANG_WARN_INT_CONVERSION = YES;
				CLANG_WARN_NON_LITERAL_NULL_CONVERSION = YES;
				CLANG_WARN_OBJC_IMPLICIT_RETAIN_SELF = YES;
				CLANG_WARN_OBJC_LITERAL_CONVERSION = YES;
				CLANG_WARN_OBJC_ROOT_CLASS = YES_ERROR;
				CLANG_WARN_QUOTED_INCLUDE_IN_FRAMEWORK_HEADER = YES;
				CLANG_WARN_RANGE_LOOP_ANALYSIS = YES;
				CLANG_WARN_STRICT_PROTOTYPES = YES;
				CLANG_WARN_SUSPICIOUS_MOVE = YES;
				CLANG_WARN_UNGUARDED_AVAILABILITY = YES_AGGRESSIVE;
				CLANG_WARN_UNREACHABLE_CODE = YES;
				CLANG_WARN__DUPLICATE_METHOD_MATCH = YES;
				COPY_PHASE_STRIP = NO;
				DEBUG_INFORMATION_FORMAT = dwarf;
				ENABLE_STRICT_OBJC_MSGSEND = YES;
				ENABLE_TESTABILITY = YES;
				GCC_C_LANGUAGE_STANDARD = gnu11;
				GCC_DYNAMIC_NO_PIC = NO;
				GCC_NO_COMMON_BLOCKS = YES;
				GCC_OPTIMIZATION_LEVEL = 0;
				GCC_PREPROCESSOR_DEFINITIONS = (
					"DEBUG=1",
					"$(inherited)",
				);
				GCC_WARN_64_TO_32_BIT_CONVERSION = YES;
				GCC_WARN_ABOUT_RETURN_TYPE = YES_ERROR;
				GCC_WARN_UNDECLARED_SELECTOR = YES;
				GCC_WARN_UNINITIALIZED_AUTOS = YES_AGGRESSIVE;
				GCC_WARN_UNUSED_FUNCTION = YES;
				GCC_WARN_UNUSED_VARIABLE = YES;
				IPHONEOS_DEPLOYMENT_TARGET = 16.2;
				MTL_ENABLE_DEBUG_INFO = INCLUDE_SOURCE;
				MTL_FAST_MATH = YES;
				ONLY_ACTIVE_ARCH = YES;
				SDKROOT = iphoneos;
				SWIFT_ACTIVE_COMPILATION_CONDITIONS = DEBUG;
				SWIFT_OPTIMIZATION_LEVEL = "-Onone";
			};
			name = Debug;
		};
		27D9237A299DF28000BA5C31 /* Release */ = {
			isa = XCBuildConfiguration;
			buildSettings = {
				ALWAYS_SEARCH_USER_PATHS = NO;
				CLANG_ANALYZER_NONNULL = YES;
				CLANG_ANALYZER_NUMBER_OBJECT_CONVERSION = YES_AGGRESSIVE;
				CLANG_CXX_LANGUAGE_STANDARD = "gnu++20";
				CLANG_ENABLE_MODULES = YES;
				CLANG_ENABLE_OBJC_ARC = YES;
				CLANG_ENABLE_OBJC_WEAK = YES;
				CLANG_WARN_BLOCK_CAPTURE_AUTORELEASING = YES;
				CLANG_WARN_BOOL_CONVERSION = YES;
				CLANG_WARN_COMMA = YES;
				CLANG_WARN_CONSTANT_CONVERSION = YES;
				CLANG_WARN_DEPRECATED_OBJC_IMPLEMENTATIONS = YES;
				CLANG_WARN_DIRECT_OBJC_ISA_USAGE = YES_ERROR;
				CLANG_WARN_DOCUMENTATION_COMMENTS = YES;
				CLANG_WARN_EMPTY_BODY = YES;
				CLANG_WARN_ENUM_CONVERSION = YES;
				CLANG_WARN_INFINITE_RECURSION = YES;
				CLANG_WARN_INT_CONVERSION = YES;
				CLANG_WARN_NON_LITERAL_NULL_CONVERSION = YES;
				CLANG_WARN_OBJC_IMPLICIT_RETAIN_SELF = YES;
				CLANG_WARN_OBJC_LITERAL_CONVERSION = YES;
				CLANG_WARN_OBJC_ROOT_CLASS = YES_ERROR;
				CLANG_WARN_QUOTED_INCLUDE_IN_FRAMEWORK_HEADER = YES;
				CLANG_WARN_RANGE_LOOP_ANALYSIS = YES;
				CLANG_WARN_STRICT_PROTOTYPES = YES;
				CLANG_WARN_SUSPICIOUS_MOVE = YES;
				CLANG_WARN_UNGUARDED_AVAILABILITY = YES_AGGRESSIVE;
				CLANG_WARN_UNREACHABLE_CODE = YES;
				CLANG_WARN__DUPLICATE_METHOD_MATCH = YES;
				COPY_PHASE_STRIP = NO;
				DEBUG_INFORMATION_FORMAT = "dwarf-with-dsym";
				ENABLE_NS_ASSERTIONS = NO;
				ENABLE_STRICT_OBJC_MSGSEND = YES;
				GCC_C_LANGUAGE_STANDARD = gnu11;
				GCC_NO_COMMON_BLOCKS = YES;
				GCC_WARN_64_TO_32_BIT_CONVERSION = YES;
				GCC_WARN_ABOUT_RETURN_TYPE = YES_ERROR;
				GCC_WARN_UNDECLARED_SELECTOR = YES;
				GCC_WARN_UNINITIALIZED_AUTOS = YES_AGGRESSIVE;
				GCC_WARN_UNUSED_FUNCTION = YES;
				GCC_WARN_UNUSED_VARIABLE = YES;
				IPHONEOS_DEPLOYMENT_TARGET = 16.2;
				MTL_ENABLE_DEBUG_INFO = NO;
				MTL_FAST_MATH = YES;
				SDKROOT = iphoneos;
				SWIFT_COMPILATION_MODE = wholemodule;
				SWIFT_OPTIMIZATION_LEVEL = "-O";
				VALIDATE_PRODUCT = YES;
			};
			name = Release;
		};
		27D9237C299DF28000BA5C31 /* Debug */ = {
			isa = XCBuildConfiguration;
			buildSettings = {
				ASSETCATALOG_COMPILER_APPICON_NAME = AppIcon;
				ASSETCATALOG_COMPILER_GLOBAL_ACCENT_COLOR_NAME = AccentColor;
				CODE_SIGN_STYLE = Automatic;
				CURRENT_PROJECT_VERSION = 1;
				GENERATE_INFOPLIST_FILE = YES;
				INFOPLIST_FILE = EssentialApp/Info.plist;
				INFOPLIST_KEY_UIApplicationSupportsIndirectInputEvents = YES;
				INFOPLIST_KEY_UILaunchStoryboardName = LaunchScreen;
				INFOPLIST_KEY_UIMainStoryboardFile = Main;
				INFOPLIST_KEY_UISupportedInterfaceOrientations = UIInterfaceOrientationPortrait;
				INFOPLIST_KEY_UISupportedInterfaceOrientations_iPad = "UIInterfaceOrientationLandscapeLeft UIInterfaceOrientationLandscapeRight UIInterfaceOrientationPortrait UIInterfaceOrientationPortraitUpsideDown";
				LD_RUNPATH_SEARCH_PATHS = (
					"$(inherited)",
					"@executable_path/Frameworks",
				);
				MARKETING_VERSION = 1.0;
				PRODUCT_BUNDLE_IDENTIFIER = IrisGalGal.EssentialApp.a;
				PRODUCT_NAME = "$(TARGET_NAME)";
				SWIFT_EMIT_LOC_STRINGS = YES;
				SWIFT_VERSION = 5.0;
				TARGETED_DEVICE_FAMILY = "1,2";
			};
			name = Debug;
		};
		27D9237D299DF28000BA5C31 /* Release */ = {
			isa = XCBuildConfiguration;
			buildSettings = {
				ASSETCATALOG_COMPILER_APPICON_NAME = AppIcon;
				ASSETCATALOG_COMPILER_GLOBAL_ACCENT_COLOR_NAME = AccentColor;
				CODE_SIGN_STYLE = Automatic;
				CURRENT_PROJECT_VERSION = 1;
				GENERATE_INFOPLIST_FILE = YES;
				INFOPLIST_FILE = EssentialApp/Info.plist;
				INFOPLIST_KEY_UIApplicationSupportsIndirectInputEvents = YES;
				INFOPLIST_KEY_UILaunchStoryboardName = LaunchScreen;
				INFOPLIST_KEY_UIMainStoryboardFile = Main;
				INFOPLIST_KEY_UISupportedInterfaceOrientations = UIInterfaceOrientationPortrait;
				INFOPLIST_KEY_UISupportedInterfaceOrientations_iPad = "UIInterfaceOrientationLandscapeLeft UIInterfaceOrientationLandscapeRight UIInterfaceOrientationPortrait UIInterfaceOrientationPortraitUpsideDown";
				LD_RUNPATH_SEARCH_PATHS = (
					"$(inherited)",
					"@executable_path/Frameworks",
				);
				MARKETING_VERSION = 1.0;
				PRODUCT_BUNDLE_IDENTIFIER = IrisGalGal.EssentialApp.a;
				PRODUCT_NAME = "$(TARGET_NAME)";
				SWIFT_EMIT_LOC_STRINGS = YES;
				SWIFT_VERSION = 5.0;
				TARGETED_DEVICE_FAMILY = "1,2";
			};
			name = Release;
		};
/* End XCBuildConfiguration section */

/* Begin XCConfigurationList section */
		278EC42E29B932110017A7A2 /* Build configuration list for PBXNativeTarget "EssentialAppTests" */ = {
			isa = XCConfigurationList;
			buildConfigurations = (
				278EC42C29B932110017A7A2 /* Debug */,
				278EC42D29B932110017A7A2 /* Release */,
			);
			defaultConfigurationIsVisible = 0;
			defaultConfigurationName = Release;
		};
		27D92362299DF27B00BA5C31 /* Build configuration list for PBXProject "EssentialApp" */ = {
			isa = XCConfigurationList;
			buildConfigurations = (
				27D92379299DF28000BA5C31 /* Debug */,
				27D9237A299DF28000BA5C31 /* Release */,
			);
			defaultConfigurationIsVisible = 0;
			defaultConfigurationName = Release;
		};
		27D9237B299DF28000BA5C31 /* Build configuration list for PBXNativeTarget "EssentialApp" */ = {
			isa = XCConfigurationList;
			buildConfigurations = (
				27D9237C299DF28000BA5C31 /* Debug */,
				27D9237D299DF28000BA5C31 /* Release */,
			);
			defaultConfigurationIsVisible = 0;
			defaultConfigurationName = Release;
		};
/* End XCConfigurationList section */
	};
	rootObject = 27D9235F299DF27B00BA5C31 /* Project object */;
}
