// !$*UTF8*$!
{
	archiveVersion = 1;
	classes = {
	};
	objectVersion = 55;
	objects = {

/* Begin PBXBuildFile section */
		2717B2DF28C7DD77007867C9 /* XCTestCase+MemoryLeakTracking.swift in Sources */ = {isa = PBXBuildFile; fileRef = 2717B2DE28C7DD77007867C9 /* XCTestCase+MemoryLeakTracking.swift */; };
		271F867328AD5B860014F7F1 /* FeedItemsMapper.swift in Sources */ = {isa = PBXBuildFile; fileRef = 271F867228AD5B860014F7F1 /* FeedItemsMapper.swift */; };
		2723699928EDFF2C00BFB1A3 /* ValidateFeedCacheUseCaseTests.swift in Sources */ = {isa = PBXBuildFile; fileRef = 2723699828EDFF2C00BFB1A3 /* ValidateFeedCacheUseCaseTests.swift */; };
		2723699B28EE03FF00BFB1A3 /* FeedCacheTestHelpers.swift in Sources */ = {isa = PBXBuildFile; fileRef = 2723699A28EE03FF00BFB1A3 /* FeedCacheTestHelpers.swift */; };
		2723699D28EE04C000BFB1A3 /* SharedTestHelpers.swift in Sources */ = {isa = PBXBuildFile; fileRef = 2723699C28EE04C000BFB1A3 /* SharedTestHelpers.swift */; };
		2736E95B28EB39A2007A5AC8 /* LoadFeedFromCacheUseCaseTest.swift in Sources */ = {isa = PBXBuildFile; fileRef = 2736E95A28EB39A2007A5AC8 /* LoadFeedFromCacheUseCaseTest.swift */; };
		2736E95E28EB3E92007A5AC8 /* FeedStoreSpy.swift in Sources */ = {isa = PBXBuildFile; fileRef = 2736E95D28EB3E92007A5AC8 /* FeedStoreSpy.swift */; };
		2743E75728FF6D6D00D41896 /* CoreDataFeedStoreTests.swift in Sources */ = {isa = PBXBuildFile; fileRef = 2743E75628FF6D6D00D41896 /* CoreDataFeedStoreTests.swift */; };
		2743E75C28FFAC5D00D41896 /* FeedStore.xcdatamodeld in Sources */ = {isa = PBXBuildFile; fileRef = 2743E75A28FFAC5D00D41896 /* FeedStore.xcdatamodeld */; };
		2743E7662900473300D41896 /* CoreDataFeedStore.swift in Sources */ = {isa = PBXBuildFile; fileRef = 2743E7652900473300D41896 /* CoreDataFeedStore.swift */; };
		2743E76929008AED00D41896 /* CoreDataHelpers.swift in Sources */ = {isa = PBXBuildFile; fileRef = 2743E76829008AED00D41896 /* CoreDataHelpers.swift */; };
		2743E76B29008B7800D41896 /* ManagedCache.swift in Sources */ = {isa = PBXBuildFile; fileRef = 2743E76A29008B7800D41896 /* ManagedCache.swift */; };
		2743E76D29008BA700D41896 /* ManagedFeedImage.swift in Sources */ = {isa = PBXBuildFile; fileRef = 2743E76C29008BA700D41896 /* ManagedFeedImage.swift */; };
		2743E77529008D1F00D41896 /* EssentialFeedCacheIntegrationTests.swift in Sources */ = {isa = PBXBuildFile; fileRef = 2743E77429008D1F00D41896 /* EssentialFeedCacheIntegrationTests.swift */; };
		2743E77629008D1F00D41896 /* EssentialFeed.framework in Frameworks */ = {isa = PBXBuildFile; fileRef = 27CF164C289445B5000FBE69 /* EssentialFeed.framework */; };
		2743E77C2901F69600D41896 /* XCTestCase+MemoryLeakTracking.swift in Sources */ = {isa = PBXBuildFile; fileRef = 2717B2DE28C7DD77007867C9 /* XCTestCase+MemoryLeakTracking.swift */; };
		2743E77D2901FBD400D41896 /* FeedCacheTestHelpers.swift in Sources */ = {isa = PBXBuildFile; fileRef = 2723699A28EE03FF00BFB1A3 /* FeedCacheTestHelpers.swift */; };
		2743E77E2901FDBD00D41896 /* SharedTestHelpers.swift in Sources */ = {isa = PBXBuildFile; fileRef = 2723699C28EE04C000BFB1A3 /* SharedTestHelpers.swift */; };
		277ADBDB28FB7165006B2DA3 /* CodableFeedStore.swift in Sources */ = {isa = PBXBuildFile; fileRef = 277ADBDA28FB7165006B2DA3 /* CodableFeedStore.swift */; };
		27A656DD28E4B1E000CF8BD0 /* CacheFeedUseCaseTests.swift in Sources */ = {isa = PBXBuildFile; fileRef = 27A656DC28E4B1E000CF8BD0 /* CacheFeedUseCaseTests.swift */; };
		27A7C04928F48B02004EF112 /* CodableFeedStoreTests.swift in Sources */ = {isa = PBXBuildFile; fileRef = 27A7C04828F48B02004EF112 /* CodableFeedStoreTests.swift */; };
		27AAB1CF28FDE66E00FA9B76 /* FeedStoreSpecs.swift in Sources */ = {isa = PBXBuildFile; fileRef = 27AAB1CE28FDE66E00FA9B76 /* FeedStoreSpecs.swift */; };
		27AAB1D128FDE74E00FA9B76 /* XCTestCase+FeedStoreSpecs.swift in Sources */ = {isa = PBXBuildFile; fileRef = 27AAB1D028FDE74E00FA9B76 /* XCTestCase+FeedStoreSpecs.swift */; };
		27AAB1D328FDECE200FA9B76 /* XCTestCase+FailableRetrieveFeedStoreSpecs.swift in Sources */ = {isa = PBXBuildFile; fileRef = 27AAB1D228FDECE200FA9B76 /* XCTestCase+FailableRetrieveFeedStoreSpecs.swift */; };
		27AAB1D528FDEE8200FA9B76 /* XCTestCase+FialableInsertFeedStoreSpecs.swift in Sources */ = {isa = PBXBuildFile; fileRef = 27AAB1D428FDEE8200FA9B76 /* XCTestCase+FialableInsertFeedStoreSpecs.swift */; };
		27AAB1D728FDF06E00FA9B76 /* XCTestCase+FailableDeleteFeedStoreSpecs .swift in Sources */ = {isa = PBXBuildFile; fileRef = 27AAB1D628FDF06E00FA9B76 /* XCTestCase+FailableDeleteFeedStoreSpecs .swift */; };
		27B2FEA92898D2A200728C8E /* LoadFeedFromRemoteUseCaseTests.swift in Sources */ = {isa = PBXBuildFile; fileRef = 27B2FEA82898D2A100728C8E /* LoadFeedFromRemoteUseCaseTests.swift */; };
		27CF1655289445B5000FBE69 /* EssentialFeed.framework in Frameworks */ = {isa = PBXBuildFile; fileRef = 27CF164C289445B5000FBE69 /* EssentialFeed.framework */; };
		27CF165A289445B5000FBE69 /* EssentialFeedTests.swift in Sources */ = {isa = PBXBuildFile; fileRef = 27CF1659289445B5000FBE69 /* EssentialFeedTests.swift */; };
		27CF165B289445B5000FBE69 /* EssentialFeed.h in Headers */ = {isa = PBXBuildFile; fileRef = 27CF164F289445B5000FBE69 /* EssentialFeed.h */; settings = {ATTRIBUTES = (Public, ); }; };
		27CF1665289445D8000FBE69 /* FeedImage.swift in Sources */ = {isa = PBXBuildFile; fileRef = 27CF1664289445D8000FBE69 /* FeedImage.swift */; };
		27CF166728944688000FBE69 /* FeedLoader.swift in Sources */ = {isa = PBXBuildFile; fileRef = 27CF166628944688000FBE69 /* FeedLoader.swift */; };
		27DAA88928CC546E00BE8479 /* URLSessionHTTPClient.swift in Sources */ = {isa = PBXBuildFile; fileRef = 27DAA88828CC546E00BE8479 /* URLSessionHTTPClient.swift */; };
		27DAA89128CC5A4500BE8479 /* EssentialFeedAPIEndToEndTests.swift in Sources */ = {isa = PBXBuildFile; fileRef = 27DAA89028CC5A4500BE8479 /* EssentialFeedAPIEndToEndTests.swift */; };
		27DAA89228CC5A4500BE8479 /* EssentialFeed.framework in Frameworks */ = {isa = PBXBuildFile; fileRef = 27CF164C289445B5000FBE69 /* EssentialFeed.framework */; };
		27DC9BDA28B93F230017CE6C /* URLSessionHTTPClientTests.swift in Sources */ = {isa = PBXBuildFile; fileRef = 27DC9BD928B93F230017CE6C /* URLSessionHTTPClientTests.swift */; };
		27E0C1F828E613520037666F /* LocalFeedLoader.swift in Sources */ = {isa = PBXBuildFile; fileRef = 27E0C1F728E613520037666F /* LocalFeedLoader.swift */; };
		27E0C1FA28E613F00037666F /* FeedStore.swift in Sources */ = {isa = PBXBuildFile; fileRef = 27E0C1F928E613F00037666F /* FeedStore.swift */; };
		27E0C1FC28E621B20037666F /* LocalFeedImage.swift in Sources */ = {isa = PBXBuildFile; fileRef = 27E0C1FB28E621B20037666F /* LocalFeedImage.swift */; };
		27E0C1FE28E621DE0037666F /* RemoteFeedItem.swift in Sources */ = {isa = PBXBuildFile; fileRef = 27E0C1FD28E621DE0037666F /* RemoteFeedItem.swift */; };
		27EB4CE528EF8467005ED13E /* FeedCachePolicy.swift in Sources */ = {isa = PBXBuildFile; fileRef = 27EB4CE428EF8467005ED13E /* FeedCachePolicy.swift */; };
		27ECC80728A0AD1400D42E98 /* RemoteFeedLoader.swift in Sources */ = {isa = PBXBuildFile; fileRef = 27ECC80628A0AD1400D42E98 /* RemoteFeedLoader.swift */; };
		27EFA86928CD315400B63CDC /* XCTestCase+MemoryLeakTracking.swift in Sources */ = {isa = PBXBuildFile; fileRef = 2717B2DE28C7DD77007867C9 /* XCTestCase+MemoryLeakTracking.swift */; };
		27FFFDB528AC25C800A506C9 /* HTTPClient.swift in Sources */ = {isa = PBXBuildFile; fileRef = 27FFFDB428AC25C800A506C9 /* HTTPClient.swift */; };
/* End PBXBuildFile section */

/* Begin PBXContainerItemProxy section */
		2743E77729008D1F00D41896 /* PBXContainerItemProxy */ = {
			isa = PBXContainerItemProxy;
			containerPortal = 27CF1643289445B5000FBE69 /* Project object */;
			proxyType = 1;
			remoteGlobalIDString = 27CF164B289445B5000FBE69;
			remoteInfo = EssentialFeed;
		};
		27CF1656289445B5000FBE69 /* PBXContainerItemProxy */ = {
			isa = PBXContainerItemProxy;
			containerPortal = 27CF1643289445B5000FBE69 /* Project object */;
			proxyType = 1;
			remoteGlobalIDString = 27CF164B289445B5000FBE69;
			remoteInfo = EssentialFeed;
		};
		27DAA89328CC5A4500BE8479 /* PBXContainerItemProxy */ = {
			isa = PBXContainerItemProxy;
			containerPortal = 27CF1643289445B5000FBE69 /* Project object */;
			proxyType = 1;
			remoteGlobalIDString = 27CF164B289445B5000FBE69;
			remoteInfo = EssentialFeed;
		};
/* End PBXContainerItemProxy section */

/* Begin PBXFileReference section */
		2717B2DE28C7DD77007867C9 /* XCTestCase+MemoryLeakTracking.swift */ = {isa = PBXFileReference; lastKnownFileType = sourcecode.swift; path = "XCTestCase+MemoryLeakTracking.swift"; sourceTree = "<group>"; };
		271F867228AD5B860014F7F1 /* FeedItemsMapper.swift */ = {isa = PBXFileReference; lastKnownFileType = sourcecode.swift; path = FeedItemsMapper.swift; sourceTree = "<group>"; };
		2723699828EDFF2C00BFB1A3 /* ValidateFeedCacheUseCaseTests.swift */ = {isa = PBXFileReference; lastKnownFileType = sourcecode.swift; path = ValidateFeedCacheUseCaseTests.swift; sourceTree = "<group>"; };
		2723699A28EE03FF00BFB1A3 /* FeedCacheTestHelpers.swift */ = {isa = PBXFileReference; lastKnownFileType = sourcecode.swift; path = FeedCacheTestHelpers.swift; sourceTree = "<group>"; };
		2723699C28EE04C000BFB1A3 /* SharedTestHelpers.swift */ = {isa = PBXFileReference; lastKnownFileType = sourcecode.swift; path = SharedTestHelpers.swift; sourceTree = "<group>"; };
		2736E95A28EB39A2007A5AC8 /* LoadFeedFromCacheUseCaseTest.swift */ = {isa = PBXFileReference; lastKnownFileType = sourcecode.swift; path = LoadFeedFromCacheUseCaseTest.swift; sourceTree = "<group>"; };
		2736E95D28EB3E92007A5AC8 /* FeedStoreSpy.swift */ = {isa = PBXFileReference; lastKnownFileType = sourcecode.swift; path = FeedStoreSpy.swift; sourceTree = "<group>"; };
		2743E75628FF6D6D00D41896 /* CoreDataFeedStoreTests.swift */ = {isa = PBXFileReference; lastKnownFileType = sourcecode.swift; path = CoreDataFeedStoreTests.swift; sourceTree = "<group>"; };
		2743E75B28FFAC5D00D41896 /* FeedStore.xcdatamodel */ = {isa = PBXFileReference; lastKnownFileType = wrapper.xcdatamodel; path = FeedStore.xcdatamodel; sourceTree = "<group>"; };
		2743E7652900473300D41896 /* CoreDataFeedStore.swift */ = {isa = PBXFileReference; lastKnownFileType = sourcecode.swift; path = CoreDataFeedStore.swift; sourceTree = "<group>"; };
		2743E76829008AED00D41896 /* CoreDataHelpers.swift */ = {isa = PBXFileReference; lastKnownFileType = sourcecode.swift; path = CoreDataHelpers.swift; sourceTree = "<group>"; };
		2743E76A29008B7800D41896 /* ManagedCache.swift */ = {isa = PBXFileReference; lastKnownFileType = sourcecode.swift; path = ManagedCache.swift; sourceTree = "<group>"; };
		2743E76C29008BA700D41896 /* ManagedFeedImage.swift */ = {isa = PBXFileReference; lastKnownFileType = sourcecode.swift; path = ManagedFeedImage.swift; sourceTree = "<group>"; };
		2743E77229008D1F00D41896 /* EssentialFeedCacheIntegrationTests.xctest */ = {isa = PBXFileReference; explicitFileType = wrapper.cfbundle; includeInIndex = 0; path = EssentialFeedCacheIntegrationTests.xctest; sourceTree = BUILT_PRODUCTS_DIR; };
		2743E77429008D1F00D41896 /* EssentialFeedCacheIntegrationTests.swift */ = {isa = PBXFileReference; lastKnownFileType = sourcecode.swift; path = EssentialFeedCacheIntegrationTests.swift; sourceTree = "<group>"; };
		277ADBDA28FB7165006B2DA3 /* CodableFeedStore.swift */ = {isa = PBXFileReference; lastKnownFileType = sourcecode.swift; path = CodableFeedStore.swift; sourceTree = "<group>"; };
		27A656DC28E4B1E000CF8BD0 /* CacheFeedUseCaseTests.swift */ = {isa = PBXFileReference; lastKnownFileType = sourcecode.swift; path = CacheFeedUseCaseTests.swift; sourceTree = "<group>"; };
		27A7C04828F48B02004EF112 /* CodableFeedStoreTests.swift */ = {isa = PBXFileReference; lastKnownFileType = sourcecode.swift; path = CodableFeedStoreTests.swift; sourceTree = "<group>"; };
		27AAB1CE28FDE66E00FA9B76 /* FeedStoreSpecs.swift */ = {isa = PBXFileReference; lastKnownFileType = sourcecode.swift; path = FeedStoreSpecs.swift; sourceTree = "<group>"; };
		27AAB1D028FDE74E00FA9B76 /* XCTestCase+FeedStoreSpecs.swift */ = {isa = PBXFileReference; lastKnownFileType = sourcecode.swift; path = "XCTestCase+FeedStoreSpecs.swift"; sourceTree = "<group>"; };
		27AAB1D228FDECE200FA9B76 /* XCTestCase+FailableRetrieveFeedStoreSpecs.swift */ = {isa = PBXFileReference; lastKnownFileType = sourcecode.swift; path = "XCTestCase+FailableRetrieveFeedStoreSpecs.swift"; sourceTree = "<group>"; };
		27AAB1D428FDEE8200FA9B76 /* XCTestCase+FialableInsertFeedStoreSpecs.swift */ = {isa = PBXFileReference; lastKnownFileType = sourcecode.swift; path = "XCTestCase+FialableInsertFeedStoreSpecs.swift"; sourceTree = "<group>"; };
		27AAB1D628FDF06E00FA9B76 /* XCTestCase+FailableDeleteFeedStoreSpecs .swift */ = {isa = PBXFileReference; lastKnownFileType = sourcecode.swift; path = "XCTestCase+FailableDeleteFeedStoreSpecs .swift"; sourceTree = "<group>"; };
		27B2FEA82898D2A100728C8E /* LoadFeedFromRemoteUseCaseTests.swift */ = {isa = PBXFileReference; lastKnownFileType = sourcecode.swift; path = LoadFeedFromRemoteUseCaseTests.swift; sourceTree = "<group>"; };
		27CF164C289445B5000FBE69 /* EssentialFeed.framework */ = {isa = PBXFileReference; explicitFileType = wrapper.framework; includeInIndex = 0; path = EssentialFeed.framework; sourceTree = BUILT_PRODUCTS_DIR; };
		27CF164F289445B5000FBE69 /* EssentialFeed.h */ = {isa = PBXFileReference; lastKnownFileType = sourcecode.c.h; path = EssentialFeed.h; sourceTree = "<group>"; };
		27CF1654289445B5000FBE69 /* EssentialFeedTests.xctest */ = {isa = PBXFileReference; explicitFileType = wrapper.cfbundle; includeInIndex = 0; path = EssentialFeedTests.xctest; sourceTree = BUILT_PRODUCTS_DIR; };
		27CF1659289445B5000FBE69 /* EssentialFeedTests.swift */ = {isa = PBXFileReference; lastKnownFileType = sourcecode.swift; path = EssentialFeedTests.swift; sourceTree = "<group>"; };
		27CF1664289445D8000FBE69 /* FeedImage.swift */ = {isa = PBXFileReference; lastKnownFileType = sourcecode.swift; path = FeedImage.swift; sourceTree = "<group>"; };
		27CF166628944688000FBE69 /* FeedLoader.swift */ = {isa = PBXFileReference; lastKnownFileType = sourcecode.swift; path = FeedLoader.swift; sourceTree = "<group>"; };
		27DAA88828CC546E00BE8479 /* URLSessionHTTPClient.swift */ = {isa = PBXFileReference; lastKnownFileType = sourcecode.swift; path = URLSessionHTTPClient.swift; sourceTree = "<group>"; };
		27DAA88E28CC5A4500BE8479 /* EssentialFeedAPIEndToEndTests.xctest */ = {isa = PBXFileReference; explicitFileType = wrapper.cfbundle; includeInIndex = 0; path = EssentialFeedAPIEndToEndTests.xctest; sourceTree = BUILT_PRODUCTS_DIR; };
		27DAA89028CC5A4500BE8479 /* EssentialFeedAPIEndToEndTests.swift */ = {isa = PBXFileReference; lastKnownFileType = sourcecode.swift; path = EssentialFeedAPIEndToEndTests.swift; sourceTree = "<group>"; };
		27DC9BD928B93F230017CE6C /* URLSessionHTTPClientTests.swift */ = {isa = PBXFileReference; lastKnownFileType = sourcecode.swift; path = URLSessionHTTPClientTests.swift; sourceTree = "<group>"; };
		27E0C1F728E613520037666F /* LocalFeedLoader.swift */ = {isa = PBXFileReference; lastKnownFileType = sourcecode.swift; path = LocalFeedLoader.swift; sourceTree = "<group>"; };
		27E0C1F928E613F00037666F /* FeedStore.swift */ = {isa = PBXFileReference; lastKnownFileType = sourcecode.swift; path = FeedStore.swift; sourceTree = "<group>"; };
		27E0C1FB28E621B20037666F /* LocalFeedImage.swift */ = {isa = PBXFileReference; lastKnownFileType = sourcecode.swift; path = LocalFeedImage.swift; sourceTree = "<group>"; };
		27E0C1FD28E621DE0037666F /* RemoteFeedItem.swift */ = {isa = PBXFileReference; lastKnownFileType = sourcecode.swift; path = RemoteFeedItem.swift; sourceTree = "<group>"; };
		27EB4CE428EF8467005ED13E /* FeedCachePolicy.swift */ = {isa = PBXFileReference; lastKnownFileType = sourcecode.swift; path = FeedCachePolicy.swift; sourceTree = "<group>"; };
		27ECC80628A0AD1400D42E98 /* RemoteFeedLoader.swift */ = {isa = PBXFileReference; lastKnownFileType = sourcecode.swift; path = RemoteFeedLoader.swift; sourceTree = "<group>"; };
		27FFFDB428AC25C800A506C9 /* HTTPClient.swift */ = {isa = PBXFileReference; lastKnownFileType = sourcecode.swift; path = HTTPClient.swift; sourceTree = "<group>"; };
/* End PBXFileReference section */

/* Begin PBXFrameworksBuildPhase section */
		2743E76F29008D1F00D41896 /* Frameworks */ = {
			isa = PBXFrameworksBuildPhase;
			buildActionMask = 2147483647;
			files = (
				2743E77629008D1F00D41896 /* EssentialFeed.framework in Frameworks */,
			);
			runOnlyForDeploymentPostprocessing = 0;
		};
		27CF1649289445B5000FBE69 /* Frameworks */ = {
			isa = PBXFrameworksBuildPhase;
			buildActionMask = 2147483647;
			files = (
			);
			runOnlyForDeploymentPostprocessing = 0;
		};
		27CF1651289445B5000FBE69 /* Frameworks */ = {
			isa = PBXFrameworksBuildPhase;
			buildActionMask = 2147483647;
			files = (
				27CF1655289445B5000FBE69 /* EssentialFeed.framework in Frameworks */,
			);
			runOnlyForDeploymentPostprocessing = 0;
		};
		27DAA88B28CC5A4500BE8479 /* Frameworks */ = {
			isa = PBXFrameworksBuildPhase;
			buildActionMask = 2147483647;
			files = (
				27DAA89228CC5A4500BE8479 /* EssentialFeed.framework in Frameworks */,
			);
			runOnlyForDeploymentPostprocessing = 0;
		};
/* End PBXFrameworksBuildPhase section */

/* Begin PBXGroup section */
		2717B2DD28C7DD40007867C9 /* Helpers */ = {
			isa = PBXGroup;
			children = (
				2717B2DE28C7DD77007867C9 /* XCTestCase+MemoryLeakTracking.swift */,
				2723699C28EE04C000BFB1A3 /* SharedTestHelpers.swift */,
			);
			path = Helpers;
			sourceTree = "<group>";
		};
		271F867428AD66970014F7F1 /* Feed API */ = {
			isa = PBXGroup;
			children = (
				27B2FEA82898D2A100728C8E /* LoadFeedFromRemoteUseCaseTests.swift */,
				27DC9BD928B93F230017CE6C /* URLSessionHTTPClientTests.swift */,
			);
			path = "Feed API";
			sourceTree = "<group>";
		};
		2736E95C28EB3B0D007A5AC8 /* Helpers */ = {
			isa = PBXGroup;
			children = (
				2736E95D28EB3E92007A5AC8 /* FeedStoreSpy.swift */,
				2723699A28EE03FF00BFB1A3 /* FeedCacheTestHelpers.swift */,
			);
			path = Helpers;
			sourceTree = "<group>";
		};
		2743E76729008A4500D41896 /* Infrastructure */ = {
			isa = PBXGroup;
			children = (
				277ADBDA28FB7165006B2DA3 /* CodableFeedStore.swift */,
				2743E7652900473300D41896 /* CoreDataFeedStore.swift */,
				2743E76C29008BA700D41896 /* ManagedFeedImage.swift */,
				2743E76A29008B7800D41896 /* ManagedCache.swift */,
				2743E75A28FFAC5D00D41896 /* FeedStore.xcdatamodeld */,
				2743E76829008AED00D41896 /* CoreDataHelpers.swift */,
			);
			path = Infrastructure;
			sourceTree = "<group>";
		};
		2743E77329008D1F00D41896 /* EssentialFeedCacheIntegrationTests */ = {
			isa = PBXGroup;
			children = (
				2743E77429008D1F00D41896 /* EssentialFeedCacheIntegrationTests.swift */,
			);
			path = EssentialFeedCacheIntegrationTests;
			sourceTree = "<group>";
		};
		27A656DB28E4B1AE00CF8BD0 /* Feed Cache */ = {
			isa = PBXGroup;
			children = (
				2743E75628FF6D6D00D41896 /* CoreDataFeedStoreTests.swift */,
				2736E95C28EB3B0D007A5AC8 /* Helpers */,
				27A656DC28E4B1E000CF8BD0 /* CacheFeedUseCaseTests.swift */,
				2736E95A28EB39A2007A5AC8 /* LoadFeedFromCacheUseCaseTest.swift */,
				2723699828EDFF2C00BFB1A3 /* ValidateFeedCacheUseCaseTests.swift */,
				27A7C04828F48B02004EF112 /* CodableFeedStoreTests.swift */,
				27AAB1D828FDF14F00FA9B76 /* FeedStoreSpecs */,
			);
			path = "Feed Cache";
			sourceTree = "<group>";
		};
		27AAB1D828FDF14F00FA9B76 /* FeedStoreSpecs */ = {
			isa = PBXGroup;
			children = (
				27AAB1CE28FDE66E00FA9B76 /* FeedStoreSpecs.swift */,
				27AAB1D028FDE74E00FA9B76 /* XCTestCase+FeedStoreSpecs.swift */,
				27AAB1D228FDECE200FA9B76 /* XCTestCase+FailableRetrieveFeedStoreSpecs.swift */,
				27AAB1D428FDEE8200FA9B76 /* XCTestCase+FialableInsertFeedStoreSpecs.swift */,
				27AAB1D628FDF06E00FA9B76 /* XCTestCase+FailableDeleteFeedStoreSpecs .swift */,
			);
			path = FeedStoreSpecs;
			sourceTree = "<group>";
		};
		27CF1642289445B5000FBE69 = {
			isa = PBXGroup;
			children = (
				27CF164E289445B5000FBE69 /* EssentialFeed */,
				27CF1658289445B5000FBE69 /* EssentialFeedTests */,
				27DAA88F28CC5A4500BE8479 /* EssentialFeedAPIEndToEndTests */,
				2743E77329008D1F00D41896 /* EssentialFeedCacheIntegrationTests */,
				27CF164D289445B5000FBE69 /* Products */,
			);
			sourceTree = "<group>";
		};
		27CF164D289445B5000FBE69 /* Products */ = {
			isa = PBXGroup;
			children = (
				27CF164C289445B5000FBE69 /* EssentialFeed.framework */,
				27CF1654289445B5000FBE69 /* EssentialFeedTests.xctest */,
				27DAA88E28CC5A4500BE8479 /* EssentialFeedAPIEndToEndTests.xctest */,
				2743E77229008D1F00D41896 /* EssentialFeedCacheIntegrationTests.xctest */,
			);
			name = Products;
			sourceTree = "<group>";
		};
		27CF164E289445B5000FBE69 /* EssentialFeed */ = {
			isa = PBXGroup;
			children = (
				27E0C1F628E612F40037666F /* Feed Cache */,
				27CF164F289445B5000FBE69 /* EssentialFeed.h */,
				27ECC80528A0ACF900D42E98 /* Feed API */,
				27CF166828944707000FBE69 /* Feed Feature */,
			);
			path = EssentialFeed;
			sourceTree = "<group>";
		};
		27CF1658289445B5000FBE69 /* EssentialFeedTests */ = {
			isa = PBXGroup;
			children = (
				2717B2DD28C7DD40007867C9 /* Helpers */,
				27A656DB28E4B1AE00CF8BD0 /* Feed Cache */,
				27CF1659289445B5000FBE69 /* EssentialFeedTests.swift */,
				271F867428AD66970014F7F1 /* Feed API */,
			);
			path = EssentialFeedTests;
			sourceTree = "<group>";
		};
		27CF166828944707000FBE69 /* Feed Feature */ = {
			isa = PBXGroup;
			children = (
				27CF166628944688000FBE69 /* FeedLoader.swift */,
				27CF1664289445D8000FBE69 /* FeedImage.swift */,
			);
			path = "Feed Feature";
			sourceTree = "<group>";
		};
		27DAA88F28CC5A4500BE8479 /* EssentialFeedAPIEndToEndTests */ = {
			isa = PBXGroup;
			children = (
				27DAA89028CC5A4500BE8479 /* EssentialFeedAPIEndToEndTests.swift */,
			);
			path = EssentialFeedAPIEndToEndTests;
			sourceTree = "<group>";
		};
		27E0C1F628E612F40037666F /* Feed Cache */ = {
			isa = PBXGroup;
			children = (
				2743E76729008A4500D41896 /* Infrastructure */,
				27E0C1F728E613520037666F /* LocalFeedLoader.swift */,
				27E0C1F928E613F00037666F /* FeedStore.swift */,
				27E0C1FB28E621B20037666F /* LocalFeedImage.swift */,
				27EB4CE428EF8467005ED13E /* FeedCachePolicy.swift */,
			);
			path = "Feed Cache";
			sourceTree = "<group>";
		};
		27ECC80528A0ACF900D42E98 /* Feed API */ = {
			isa = PBXGroup;
			children = (
				27ECC80628A0AD1400D42E98 /* RemoteFeedLoader.swift */,
				27FFFDB428AC25C800A506C9 /* HTTPClient.swift */,
				271F867228AD5B860014F7F1 /* FeedItemsMapper.swift */,
				27E0C1FD28E621DE0037666F /* RemoteFeedItem.swift */,
				27DAA88828CC546E00BE8479 /* URLSessionHTTPClient.swift */,
			);
			path = "Feed API";
			sourceTree = "<group>";
		};
/* End PBXGroup section */

/* Begin PBXHeadersBuildPhase section */
		27CF1647289445B5000FBE69 /* Headers */ = {
			isa = PBXHeadersBuildPhase;
			buildActionMask = 2147483647;
			files = (
				27CF165B289445B5000FBE69 /* EssentialFeed.h in Headers */,
			);
			runOnlyForDeploymentPostprocessing = 0;
		};
/* End PBXHeadersBuildPhase section */

/* Begin PBXNativeTarget section */
		2743E77129008D1F00D41896 /* EssentialFeedCacheIntegrationTests */ = {
			isa = PBXNativeTarget;
			buildConfigurationList = 2743E77929008D1F00D41896 /* Build configuration list for PBXNativeTarget "EssentialFeedCacheIntegrationTests" */;
			buildPhases = (
				2743E76E29008D1F00D41896 /* Sources */,
				2743E76F29008D1F00D41896 /* Frameworks */,
				2743E77029008D1F00D41896 /* Resources */,
			);
			buildRules = (
			);
			dependencies = (
				2743E77829008D1F00D41896 /* PBXTargetDependency */,
			);
			name = EssentialFeedCacheIntegrationTests;
			productName = EssentialFeedCacheIntegrationTests;
			productReference = 2743E77229008D1F00D41896 /* EssentialFeedCacheIntegrationTests.xctest */;
			productType = "com.apple.product-type.bundle.unit-test";
		};
		27CF164B289445B5000FBE69 /* EssentialFeed */ = {
			isa = PBXNativeTarget;
			buildConfigurationList = 27CF165E289445B5000FBE69 /* Build configuration list for PBXNativeTarget "EssentialFeed" */;
			buildPhases = (
				27CF1647289445B5000FBE69 /* Headers */,
				27CF1648289445B5000FBE69 /* Sources */,
				27CF1649289445B5000FBE69 /* Frameworks */,
				27CF164A289445B5000FBE69 /* Resources */,
			);
			buildRules = (
			);
			dependencies = (
			);
			name = EssentialFeed;
			productName = EssentialFeed;
			productReference = 27CF164C289445B5000FBE69 /* EssentialFeed.framework */;
			productType = "com.apple.product-type.framework";
		};
		27CF1653289445B5000FBE69 /* EssentialFeedTests */ = {
			isa = PBXNativeTarget;
			buildConfigurationList = 27CF1661289445B5000FBE69 /* Build configuration list for PBXNativeTarget "EssentialFeedTests" */;
			buildPhases = (
				27CF1650289445B5000FBE69 /* Sources */,
				27CF1651289445B5000FBE69 /* Frameworks */,
				27CF1652289445B5000FBE69 /* Resources */,
			);
			buildRules = (
			);
			dependencies = (
				27CF1657289445B5000FBE69 /* PBXTargetDependency */,
			);
			name = EssentialFeedTests;
			productName = EssentialFeedTests;
			productReference = 27CF1654289445B5000FBE69 /* EssentialFeedTests.xctest */;
			productType = "com.apple.product-type.bundle.unit-test";
		};
		27DAA88D28CC5A4500BE8479 /* EssentialFeedAPIEndToEndTests */ = {
			isa = PBXNativeTarget;
			buildConfigurationList = 27DAA89528CC5A4500BE8479 /* Build configuration list for PBXNativeTarget "EssentialFeedAPIEndToEndTests" */;
			buildPhases = (
				27DAA88A28CC5A4500BE8479 /* Sources */,
				27DAA88B28CC5A4500BE8479 /* Frameworks */,
				27DAA88C28CC5A4500BE8479 /* Resources */,
			);
			buildRules = (
			);
			dependencies = (
				27DAA89428CC5A4500BE8479 /* PBXTargetDependency */,
			);
			name = EssentialFeedAPIEndToEndTests;
			productName = EssentialFeedAPIEndToEndTests;
			productReference = 27DAA88E28CC5A4500BE8479 /* EssentialFeedAPIEndToEndTests.xctest */;
			productType = "com.apple.product-type.bundle.unit-test";
		};
/* End PBXNativeTarget section */

/* Begin PBXProject section */
		27CF1643289445B5000FBE69 /* Project object */ = {
			isa = PBXProject;
			attributes = {
				BuildIndependentTargetsInParallel = 1;
				LastSwiftUpdateCheck = 1340;
				LastUpgradeCheck = 1340;
				TargetAttributes = {
					2743E77129008D1F00D41896 = {
						CreatedOnToolsVersion = 13.4.1;
					};
					27CF164B289445B5000FBE69 = {
						CreatedOnToolsVersion = 13.4.1;
						LastSwiftMigration = 1340;
					};
					27CF1653289445B5000FBE69 = {
						CreatedOnToolsVersion = 13.4.1;
					};
					27DAA88D28CC5A4500BE8479 = {
						CreatedOnToolsVersion = 13.4.1;
					};
				};
			};
			buildConfigurationList = 27CF1646289445B5000FBE69 /* Build configuration list for PBXProject "EssentialFeed" */;
			compatibilityVersion = "Xcode 13.0";
			developmentRegion = en;
			hasScannedForEncodings = 0;
			knownRegions = (
				en,
				Base,
			);
			mainGroup = 27CF1642289445B5000FBE69;
			productRefGroup = 27CF164D289445B5000FBE69 /* Products */;
			projectDirPath = "";
			projectRoot = "";
			targets = (
				27CF164B289445B5000FBE69 /* EssentialFeed */,
				27CF1653289445B5000FBE69 /* EssentialFeedTests */,
				27DAA88D28CC5A4500BE8479 /* EssentialFeedAPIEndToEndTests */,
				2743E77129008D1F00D41896 /* EssentialFeedCacheIntegrationTests */,
			);
		};
/* End PBXProject section */

/* Begin PBXResourcesBuildPhase section */
		2743E77029008D1F00D41896 /* Resources */ = {
			isa = PBXResourcesBuildPhase;
			buildActionMask = 2147483647;
			files = (
			);
			runOnlyForDeploymentPostprocessing = 0;
		};
		27CF164A289445B5000FBE69 /* Resources */ = {
			isa = PBXResourcesBuildPhase;
			buildActionMask = 2147483647;
			files = (
			);
			runOnlyForDeploymentPostprocessing = 0;
		};
		27CF1652289445B5000FBE69 /* Resources */ = {
			isa = PBXResourcesBuildPhase;
			buildActionMask = 2147483647;
			files = (
			);
			runOnlyForDeploymentPostprocessing = 0;
		};
		27DAA88C28CC5A4500BE8479 /* Resources */ = {
			isa = PBXResourcesBuildPhase;
			buildActionMask = 2147483647;
			files = (
			);
			runOnlyForDeploymentPostprocessing = 0;
		};
/* End PBXResourcesBuildPhase section */

/* Begin PBXSourcesBuildPhase section */
		2743E76E29008D1F00D41896 /* Sources */ = {
			isa = PBXSourcesBuildPhase;
			buildActionMask = 2147483647;
			files = (
				2743E77E2901FDBD00D41896 /* SharedTestHelpers.swift in Sources */,
				2743E77529008D1F00D41896 /* EssentialFeedCacheIntegrationTests.swift in Sources */,
				2743E77D2901FBD400D41896 /* FeedCacheTestHelpers.swift in Sources */,
				2743E77C2901F69600D41896 /* XCTestCase+MemoryLeakTracking.swift in Sources */,
			);
			runOnlyForDeploymentPostprocessing = 0;
		};
		27CF1648289445B5000FBE69 /* Sources */ = {
			isa = PBXSourcesBuildPhase;
			buildActionMask = 2147483647;
			files = (
				2743E76929008AED00D41896 /* CoreDataHelpers.swift in Sources */,
				2743E75C28FFAC5D00D41896 /* FeedStore.xcdatamodeld in Sources */,
				271F867328AD5B860014F7F1 /* FeedItemsMapper.swift in Sources */,
				27CF166728944688000FBE69 /* FeedLoader.swift in Sources */,
				27ECC80728A0AD1400D42E98 /* RemoteFeedLoader.swift in Sources */,
				27EB4CE528EF8467005ED13E /* FeedCachePolicy.swift in Sources */,
				27E0C1FA28E613F00037666F /* FeedStore.swift in Sources */,
				2743E7662900473300D41896 /* CoreDataFeedStore.swift in Sources */,
				27E0C1FC28E621B20037666F /* LocalFeedImage.swift in Sources */,
				27E0C1F828E613520037666F /* LocalFeedLoader.swift in Sources */,
				27E0C1FE28E621DE0037666F /* RemoteFeedItem.swift in Sources */,
				277ADBDB28FB7165006B2DA3 /* CodableFeedStore.swift in Sources */,
				27FFFDB528AC25C800A506C9 /* HTTPClient.swift in Sources */,
				27CF1665289445D8000FBE69 /* FeedImage.swift in Sources */,
				2743E76B29008B7800D41896 /* ManagedCache.swift in Sources */,
				27DAA88928CC546E00BE8479 /* URLSessionHTTPClient.swift in Sources */,
				2743E76D29008BA700D41896 /* ManagedFeedImage.swift in Sources */,
			);
			runOnlyForDeploymentPostprocessing = 0;
		};
		27CF1650289445B5000FBE69 /* Sources */ = {
			isa = PBXSourcesBuildPhase;
			buildActionMask = 2147483647;
			files = (
				27AAB1D128FDE74E00FA9B76 /* XCTestCase+FeedStoreSpecs.swift in Sources */,
				27A7C04928F48B02004EF112 /* CodableFeedStoreTests.swift in Sources */,
				2736E95B28EB39A2007A5AC8 /* LoadFeedFromCacheUseCaseTest.swift in Sources */,
				2743E75728FF6D6D00D41896 /* CoreDataFeedStoreTests.swift in Sources */,
				27AAB1D328FDECE200FA9B76 /* XCTestCase+FailableRetrieveFeedStoreSpecs.swift in Sources */,
				27B2FEA92898D2A200728C8E /* LoadFeedFromRemoteUseCaseTests.swift in Sources */,
				2723699D28EE04C000BFB1A3 /* SharedTestHelpers.swift in Sources */,
				2717B2DF28C7DD77007867C9 /* XCTestCase+MemoryLeakTracking.swift in Sources */,
				27DC9BDA28B93F230017CE6C /* URLSessionHTTPClientTests.swift in Sources */,
				2723699B28EE03FF00BFB1A3 /* FeedCacheTestHelpers.swift in Sources */,
				2723699928EDFF2C00BFB1A3 /* ValidateFeedCacheUseCaseTests.swift in Sources */,
				2736E95E28EB3E92007A5AC8 /* FeedStoreSpy.swift in Sources */,
				27AAB1D528FDEE8200FA9B76 /* XCTestCase+FialableInsertFeedStoreSpecs.swift in Sources */,
				27A656DD28E4B1E000CF8BD0 /* CacheFeedUseCaseTests.swift in Sources */,
				27AAB1D728FDF06E00FA9B76 /* XCTestCase+FailableDeleteFeedStoreSpecs .swift in Sources */,
				27AAB1CF28FDE66E00FA9B76 /* FeedStoreSpecs.swift in Sources */,
				27CF165A289445B5000FBE69 /* EssentialFeedTests.swift in Sources */,
			);
			runOnlyForDeploymentPostprocessing = 0;
		};
		27DAA88A28CC5A4500BE8479 /* Sources */ = {
			isa = PBXSourcesBuildPhase;
			buildActionMask = 2147483647;
			files = (
				27DAA89128CC5A4500BE8479 /* EssentialFeedAPIEndToEndTests.swift in Sources */,
				27EFA86928CD315400B63CDC /* XCTestCase+MemoryLeakTracking.swift in Sources */,
			);
			runOnlyForDeploymentPostprocessing = 0;
		};
/* End PBXSourcesBuildPhase section */

/* Begin PBXTargetDependency section */
		2743E77829008D1F00D41896 /* PBXTargetDependency */ = {
			isa = PBXTargetDependency;
			target = 27CF164B289445B5000FBE69 /* EssentialFeed */;
			targetProxy = 2743E77729008D1F00D41896 /* PBXContainerItemProxy */;
		};
		27CF1657289445B5000FBE69 /* PBXTargetDependency */ = {
			isa = PBXTargetDependency;
			target = 27CF164B289445B5000FBE69 /* EssentialFeed */;
			targetProxy = 27CF1656289445B5000FBE69 /* PBXContainerItemProxy */;
		};
		27DAA89428CC5A4500BE8479 /* PBXTargetDependency */ = {
			isa = PBXTargetDependency;
			target = 27CF164B289445B5000FBE69 /* EssentialFeed */;
			targetProxy = 27DAA89328CC5A4500BE8479 /* PBXContainerItemProxy */;
		};
/* End PBXTargetDependency section */

/* Begin XCBuildConfiguration section */
		2743E77A29008D1F00D41896 /* Debug */ = {
			isa = XCBuildConfiguration;
			buildSettings = {
				CODE_SIGN_STYLE = Automatic;
				CURRENT_PROJECT_VERSION = 1;
				GENERATE_INFOPLIST_FILE = YES;
				MACOSX_DEPLOYMENT_TARGET = 12.3;
				MARKETING_VERSION = 1.0;
				PRODUCT_BUNDLE_IDENTIFIER = IrisGalGal.EssentialFeedCacheIntegrationTests;
				PRODUCT_NAME = "$(TARGET_NAME)";
				SWIFT_EMIT_LOC_STRINGS = NO;
				SWIFT_VERSION = 5.0;
			};
			name = Debug;
		};
		2743E77B29008D1F00D41896 /* Release */ = {
			isa = XCBuildConfiguration;
			buildSettings = {
				CODE_SIGN_STYLE = Automatic;
				CURRENT_PROJECT_VERSION = 1;
				GENERATE_INFOPLIST_FILE = YES;
				MACOSX_DEPLOYMENT_TARGET = 12.3;
				MARKETING_VERSION = 1.0;
				PRODUCT_BUNDLE_IDENTIFIER = IrisGalGal.EssentialFeedCacheIntegrationTests;
				PRODUCT_NAME = "$(TARGET_NAME)";
				SWIFT_EMIT_LOC_STRINGS = NO;
				SWIFT_VERSION = 5.0;
			};
			name = Release;
		};
		27CF165C289445B5000FBE69 /* Debug */ = {
			isa = XCBuildConfiguration;
			buildSettings = {
				ALWAYS_SEARCH_USER_PATHS = NO;
				CLANG_ANALYZER_NONNULL = YES;
				CLANG_ANALYZER_NUMBER_OBJECT_CONVERSION = YES_AGGRESSIVE;
				CLANG_CXX_LANGUAGE_STANDARD = "gnu++17";
				CLANG_ENABLE_MODULES = YES;
				CLANG_ENABLE_OBJC_ARC = YES;
				CLANG_ENABLE_OBJC_WEAK = YES;
				CLANG_WARN_BLOCK_CAPTURE_AUTORELEASING = YES;
				CLANG_WARN_BOOL_CONVERSION = YES;
				CLANG_WARN_COMMA = YES;
				CLANG_WARN_CONSTANT_CONVERSION = YES;
				CLANG_WARN_DEPRECATED_OBJC_IMPLEMENTATIONS = YES;
				CLANG_WARN_DIRECT_OBJC_ISA_USAGE = YES_ERROR;
				CLANG_WARN_DOCUMENTATION_COMMENTS = YES;
				CLANG_WARN_EMPTY_BODY = YES;
				CLANG_WARN_ENUM_CONVERSION = YES;
				CLANG_WARN_INFINITE_RECURSION = YES;
				CLANG_WARN_INT_CONVERSION = YES;
				CLANG_WARN_NON_LITERAL_NULL_CONVERSION = YES;
				CLANG_WARN_OBJC_IMPLICIT_RETAIN_SELF = YES;
				CLANG_WARN_OBJC_LITERAL_CONVERSION = YES;
				CLANG_WARN_OBJC_ROOT_CLASS = YES_ERROR;
				CLANG_WARN_QUOTED_INCLUDE_IN_FRAMEWORK_HEADER = YES;
				CLANG_WARN_RANGE_LOOP_ANALYSIS = YES;
				CLANG_WARN_STRICT_PROTOTYPES = YES;
				CLANG_WARN_SUSPICIOUS_MOVE = YES;
				CLANG_WARN_UNGUARDED_AVAILABILITY = YES_AGGRESSIVE;
				CLANG_WARN_UNREACHABLE_CODE = YES;
				CLANG_WARN__DUPLICATE_METHOD_MATCH = YES;
				COPY_PHASE_STRIP = NO;
				CURRENT_PROJECT_VERSION = 1;
				DEBUG_INFORMATION_FORMAT = dwarf;
				ENABLE_STRICT_OBJC_MSGSEND = YES;
				ENABLE_TESTABILITY = YES;
				GCC_C_LANGUAGE_STANDARD = gnu11;
				GCC_DYNAMIC_NO_PIC = NO;
				GCC_NO_COMMON_BLOCKS = YES;
				GCC_OPTIMIZATION_LEVEL = 0;
				GCC_PREPROCESSOR_DEFINITIONS = (
					"DEBUG=1",
					"$(inherited)",
				);
				GCC_WARN_64_TO_32_BIT_CONVERSION = YES;
				GCC_WARN_ABOUT_RETURN_TYPE = YES_ERROR;
				GCC_WARN_UNDECLARED_SELECTOR = YES;
				GCC_WARN_UNINITIALIZED_AUTOS = YES_AGGRESSIVE;
				GCC_WARN_UNUSED_FUNCTION = YES;
				GCC_WARN_UNUSED_VARIABLE = YES;
				MACOSX_DEPLOYMENT_TARGET = 11.5;
				MTL_ENABLE_DEBUG_INFO = INCLUDE_SOURCE;
				MTL_FAST_MATH = YES;
				ONLY_ACTIVE_ARCH = YES;
				SDKROOT = macosx;
				SWIFT_ACTIVE_COMPILATION_CONDITIONS = DEBUG;
				SWIFT_OPTIMIZATION_LEVEL = "-Onone";
				VERSIONING_SYSTEM = "apple-generic";
				VERSION_INFO_PREFIX = "";
			};
			name = Debug;
		};
		27CF165D289445B5000FBE69 /* Release */ = {
			isa = XCBuildConfiguration;
			buildSettings = {
				ALWAYS_SEARCH_USER_PATHS = NO;
				CLANG_ANALYZER_NONNULL = YES;
				CLANG_ANALYZER_NUMBER_OBJECT_CONVERSION = YES_AGGRESSIVE;
				CLANG_CXX_LANGUAGE_STANDARD = "gnu++17";
				CLANG_ENABLE_MODULES = YES;
				CLANG_ENABLE_OBJC_ARC = YES;
				CLANG_ENABLE_OBJC_WEAK = YES;
				CLANG_WARN_BLOCK_CAPTURE_AUTORELEASING = YES;
				CLANG_WARN_BOOL_CONVERSION = YES;
				CLANG_WARN_COMMA = YES;
				CLANG_WARN_CONSTANT_CONVERSION = YES;
				CLANG_WARN_DEPRECATED_OBJC_IMPLEMENTATIONS = YES;
				CLANG_WARN_DIRECT_OBJC_ISA_USAGE = YES_ERROR;
				CLANG_WARN_DOCUMENTATION_COMMENTS = YES;
				CLANG_WARN_EMPTY_BODY = YES;
				CLANG_WARN_ENUM_CONVERSION = YES;
				CLANG_WARN_INFINITE_RECURSION = YES;
				CLANG_WARN_INT_CONVERSION = YES;
				CLANG_WARN_NON_LITERAL_NULL_CONVERSION = YES;
				CLANG_WARN_OBJC_IMPLICIT_RETAIN_SELF = YES;
				CLANG_WARN_OBJC_LITERAL_CONVERSION = YES;
				CLANG_WARN_OBJC_ROOT_CLASS = YES_ERROR;
				CLANG_WARN_QUOTED_INCLUDE_IN_FRAMEWORK_HEADER = YES;
				CLANG_WARN_RANGE_LOOP_ANALYSIS = YES;
				CLANG_WARN_STRICT_PROTOTYPES = YES;
				CLANG_WARN_SUSPICIOUS_MOVE = YES;
				CLANG_WARN_UNGUARDED_AVAILABILITY = YES_AGGRESSIVE;
				CLANG_WARN_UNREACHABLE_CODE = YES;
				CLANG_WARN__DUPLICATE_METHOD_MATCH = YES;
				COPY_PHASE_STRIP = NO;
				CURRENT_PROJECT_VERSION = 1;
				DEBUG_INFORMATION_FORMAT = "dwarf-with-dsym";
				ENABLE_NS_ASSERTIONS = NO;
				ENABLE_STRICT_OBJC_MSGSEND = YES;
				GCC_C_LANGUAGE_STANDARD = gnu11;
				GCC_NO_COMMON_BLOCKS = YES;
				GCC_WARN_64_TO_32_BIT_CONVERSION = YES;
				GCC_WARN_ABOUT_RETURN_TYPE = YES_ERROR;
				GCC_WARN_UNDECLARED_SELECTOR = YES;
				GCC_WARN_UNINITIALIZED_AUTOS = YES_AGGRESSIVE;
				GCC_WARN_UNUSED_FUNCTION = YES;
				GCC_WARN_UNUSED_VARIABLE = YES;
				MACOSX_DEPLOYMENT_TARGET = 11.5;
				MTL_ENABLE_DEBUG_INFO = NO;
				MTL_FAST_MATH = YES;
				SDKROOT = macosx;
				SWIFT_COMPILATION_MODE = wholemodule;
				SWIFT_OPTIMIZATION_LEVEL = "-O";
				VERSIONING_SYSTEM = "apple-generic";
				VERSION_INFO_PREFIX = "";
			};
			name = Release;
		};
		27CF165F289445B5000FBE69 /* Debug */ = {
			isa = XCBuildConfiguration;
			buildSettings = {
				CLANG_ENABLE_MODULES = YES;
				CODE_SIGN_STYLE = Automatic;
				COMBINE_HIDPI_IMAGES = YES;
				CURRENT_PROJECT_VERSION = 1;
				DEFINES_MODULE = YES;
				DYLIB_COMPATIBILITY_VERSION = 1;
				DYLIB_CURRENT_VERSION = 1;
				DYLIB_INSTALL_NAME_BASE = "@rpath";
				GENERATE_INFOPLIST_FILE = YES;
				INFOPLIST_KEY_NSHumanReadableCopyright = "";
				INSTALL_PATH = "$(LOCAL_LIBRARY_DIR)/Frameworks";
				LD_RUNPATH_SEARCH_PATHS = (
					"$(inherited)",
					"@executable_path/../Frameworks",
					"@loader_path/Frameworks",
				);
				MARKETING_VERSION = 1.0;
				PRODUCT_BUNDLE_IDENTIFIER = IrisGalGal.EssentialFeed;
				PRODUCT_NAME = "$(TARGET_NAME:c99extidentifier)";
				SKIP_INSTALL = YES;
				SWIFT_EMIT_LOC_STRINGS = YES;
				SWIFT_OPTIMIZATION_LEVEL = "-Onone";
				SWIFT_VERSION = 5.0;
			};
			name = Debug;
		};
		27CF1660289445B5000FBE69 /* Release */ = {
			isa = XCBuildConfiguration;
			buildSettings = {
				CLANG_ENABLE_MODULES = YES;
				CODE_SIGN_STYLE = Automatic;
				COMBINE_HIDPI_IMAGES = YES;
				CURRENT_PROJECT_VERSION = 1;
				DEFINES_MODULE = YES;
				DYLIB_COMPATIBILITY_VERSION = 1;
				DYLIB_CURRENT_VERSION = 1;
				DYLIB_INSTALL_NAME_BASE = "@rpath";
				GENERATE_INFOPLIST_FILE = YES;
				INFOPLIST_KEY_NSHumanReadableCopyright = "";
				INSTALL_PATH = "$(LOCAL_LIBRARY_DIR)/Frameworks";
				LD_RUNPATH_SEARCH_PATHS = (
					"$(inherited)",
					"@executable_path/../Frameworks",
					"@loader_path/Frameworks",
				);
				MARKETING_VERSION = 1.0;
				PRODUCT_BUNDLE_IDENTIFIER = IrisGalGal.EssentialFeed;
				PRODUCT_NAME = "$(TARGET_NAME:c99extidentifier)";
				SKIP_INSTALL = YES;
				SWIFT_EMIT_LOC_STRINGS = YES;
				SWIFT_VERSION = 5.0;
			};
			name = Release;
		};
		27CF1662289445B5000FBE69 /* Debug */ = {
			isa = XCBuildConfiguration;
			buildSettings = {
				ALWAYS_EMBED_SWIFT_STANDARD_LIBRARIES = YES;
				CODE_SIGN_STYLE = Automatic;
				CURRENT_PROJECT_VERSION = 1;
				GENERATE_INFOPLIST_FILE = YES;
				MARKETING_VERSION = 1.0;
				PRODUCT_BUNDLE_IDENTIFIER = IrisGalGal.EssentialFeedTests;
				PRODUCT_NAME = "$(TARGET_NAME)";
				SWIFT_EMIT_LOC_STRINGS = NO;
				SWIFT_VERSION = 5.0;
			};
			name = Debug;
		};
		27CF1663289445B5000FBE69 /* Release */ = {
			isa = XCBuildConfiguration;
			buildSettings = {
				ALWAYS_EMBED_SWIFT_STANDARD_LIBRARIES = YES;
				CODE_SIGN_STYLE = Automatic;
				CURRENT_PROJECT_VERSION = 1;
				GENERATE_INFOPLIST_FILE = YES;
				MARKETING_VERSION = 1.0;
				PRODUCT_BUNDLE_IDENTIFIER = IrisGalGal.EssentialFeedTests;
				PRODUCT_NAME = "$(TARGET_NAME)";
				SWIFT_EMIT_LOC_STRINGS = NO;
				SWIFT_VERSION = 5.0;
			};
			name = Release;
		};
		27DAA89628CC5A4500BE8479 /* Debug */ = {
			isa = XCBuildConfiguration;
			buildSettings = {
				CODE_SIGN_STYLE = Automatic;
				CURRENT_PROJECT_VERSION = 1;
				GENERATE_INFOPLIST_FILE = YES;
				MARKETING_VERSION = 1.0;
				PRODUCT_BUNDLE_IDENTIFIER = IrisGalGal.EssentialFeedAPIEndToEndTests;
				PRODUCT_NAME = "$(TARGET_NAME)";
				SWIFT_EMIT_LOC_STRINGS = NO;
				SWIFT_VERSION = 5.0;
			};
			name = Debug;
		};
		27DAA89728CC5A4500BE8479 /* Release */ = {
			isa = XCBuildConfiguration;
			buildSettings = {
				CODE_SIGN_STYLE = Automatic;
				CURRENT_PROJECT_VERSION = 1;
				GENERATE_INFOPLIST_FILE = YES;
				MARKETING_VERSION = 1.0;
				PRODUCT_BUNDLE_IDENTIFIER = IrisGalGal.EssentialFeedAPIEndToEndTests;
				PRODUCT_NAME = "$(TARGET_NAME)";
				SWIFT_EMIT_LOC_STRINGS = NO;
				SWIFT_VERSION = 5.0;
			};
			name = Release;
		};
/* End XCBuildConfiguration section */

/* Begin XCConfigurationList section */
		2743E77929008D1F00D41896 /* Build configuration list for PBXNativeTarget "EssentialFeedCacheIntegrationTests" */ = {
			isa = XCConfigurationList;
			buildConfigurations = (
				2743E77A29008D1F00D41896 /* Debug */,
				2743E77B29008D1F00D41896 /* Release */,
			);
			defaultConfigurationIsVisible = 0;
			defaultConfigurationName = Release;
		};
		27CF1646289445B5000FBE69 /* Build configuration list for PBXProject "EssentialFeed" */ = {
			isa = XCConfigurationList;
			buildConfigurations = (
				27CF165C289445B5000FBE69 /* Debug */,
				27CF165D289445B5000FBE69 /* Release */,
			);
			defaultConfigurationIsVisible = 0;
			defaultConfigurationName = Release;
		};
		27CF165E289445B5000FBE69 /* Build configuration list for PBXNativeTarget "EssentialFeed" */ = {
			isa = XCConfigurationList;
			buildConfigurations = (
				27CF165F289445B5000FBE69 /* Debug */,
				27CF1660289445B5000FBE69 /* Release */,
			);
			defaultConfigurationIsVisible = 0;
			defaultConfigurationName = Release;
		};
		27CF1661289445B5000FBE69 /* Build configuration list for PBXNativeTarget "EssentialFeedTests" */ = {
			isa = XCConfigurationList;
			buildConfigurations = (
				27CF1662289445B5000FBE69 /* Debug */,
				27CF1663289445B5000FBE69 /* Release */,
			);
			defaultConfigurationIsVisible = 0;
			defaultConfigurationName = Release;
		};
		27DAA89528CC5A4500BE8479 /* Build configuration list for PBXNativeTarget "EssentialFeedAPIEndToEndTests" */ = {
			isa = XCConfigurationList;
			buildConfigurations = (
				27DAA89628CC5A4500BE8479 /* Debug */,
				27DAA89728CC5A4500BE8479 /* Release */,
			);
			defaultConfigurationIsVisible = 0;
			defaultConfigurationName = Release;
		};
/* End XCConfigurationList section */

/* Begin XCVersionGroup section */
		2743E75A28FFAC5D00D41896 /* FeedStore.xcdatamodeld */ = {
			isa = XCVersionGroup;
			children = (
				2743E75B28FFAC5D00D41896 /* FeedStore.xcdatamodel */,
			);
			currentVersion = 2743E75B28FFAC5D00D41896 /* FeedStore.xcdatamodel */;
			path = FeedStore.xcdatamodeld;
			sourceTree = "<group>";
			versionGroupType = wrapper.xcdatamodel;
		};
/* End XCVersionGroup section */
	};
	rootObject = 27CF1643289445B5000FBE69 /* Project object */;
}
